
Microsoft Visual Studio Solution File, Format Version 12.00
# Visual Studio 15
Project("{FAE04EC0-301F-11D3-BF4B-00C04F79EFBC}") = "Unity.Timeline", "Unity.Timeline.csproj", "{27F40C9B-7D6D-CEF9-D42C-F65C75E17F91}"
EndProject
Project("{FAE04EC0-301F-11D3-BF4B-00C04F79EFBC}") = "UnityEngine.Advertisements.Editor", "UnityEngine.Advertisements.Editor.csproj", "{FEC9CF2B-F166-2934-5BAC-7AD6C34B24A6}"
EndProject
Project("{FAE04EC0-301F-11D3-BF4B-00C04F79EFBC}") = "Unity.Services.Core.Internal", "Unity.Services.Core.Internal.csproj", "{75014FB2-8061-340B-A6CE-929AD0B9BA50}"
EndProject
Project("{FAE04EC0-301F-11D3-BF4B-00C04F79EFBC}") = "Unity.PlasticSCM.Editor", "Unity.PlasticSCM.Editor.csproj", "{7331C005-542F-E6FA-CB8E-A18BC4CDAF86}"
EndProject
Project("{FAE04EC0-301F-11D3-BF4B-00C04F79EFBC}") = "Unity.Mathematics", "Unity.Mathematics.csproj", "{8BA9B927-61EF-11AF-8ACF-4A6A1CAD372D}"
EndProject
Project("{FAE04EC0-301F-11D3-BF4B-00C04F79EFBC}") = "Unity.Timeline.Editor", "Unity.Timeline.Editor.csproj", "{3997C403-4C4D-8072-32FE-C945FB2FA9BF}"
EndProject
Project("{FAE04EC0-301F-11D3-BF4B-00C04F79EFBC}") = "Unity.Cinemachine.Editor", "Unity.Cinemachine.Editor.csproj", "{ED8CC1F8-838F-E463-087C-B2ED4AAFCC36}"
EndProject
Project("{FAE04EC0-301F-11D3-BF4B-00C04F79EFBC}") = "Unity.Collections", "Unity.Collections.csproj", "{49D114AB-5BCE-4B3B-7234-0B34DF09E159}"
EndProject
Project("{FAE04EC0-301F-11D3-BF4B-00C04F79EFBC}") = "UnityEngine.Advertisements", "UnityEngine.Advertisements.csproj", "{ADCDBC87-2B6D-15AF-E42A-1A3EEC46C581}"
EndProject
Project("{FAE04EC0-301F-11D3-BF4B-00C04F79EFBC}") = "UnityEngine.UI", "UnityEngine.UI.csproj", "{9E5111EE-34F7-3D93-C936-95716C6195A3}"
EndProject
Project("{FAE04EC0-301F-11D3-BF4B-00C04F79EFBC}") = "UnityEngine.Purchasing.Stores", "UnityEngine.Purchasing.Stores.csproj", "{FC199389-BD26-FAC4-4E08-A8FE305F9ABA}"
EndProject
Project("{FAE04EC0-301F-11D3-BF4B-00C04F79EFBC}") = "Unity.VisualScripting.Core.Editor", "Unity.VisualScripting.Core.Editor.csproj", "{29C5BA8F-AC7A-746C-799A-4E05DF54CCB8}"
EndProject
Project("{FAE04EC0-301F-11D3-BF4B-00C04F79EFBC}") = "Unity.PerformanceTesting.Editor", "Unity.PerformanceTesting.Editor.csproj", "{B66DB913-55BA-019B-1817-AC91DBEEFBBB}"
EndProject
Project("{FAE04EC0-301F-11D3-BF4B-00C04F79EFBC}") = "UnityEngine.TestRunner", "UnityEngine.TestRunner.csproj", "{3B60925B-E329-7C5A-F8F1-06FDDA58EB7E}"
EndProject
Project("{FAE04EC0-301F-11D3-BF4B-00C04F79EFBC}") = "Unity.2D.Tilemap.Editor", "Unity.2D.Tilemap.Editor.csproj", "{17C9AB9A-0B5D-22FC-7902-E32EE35C5F66}"
EndProject
Project("{FAE04EC0-301F-11D3-BF4B-00C04F79EFBC}") = "Unity.Burst", "Unity.Burst.csproj", "{3DB1BCF3-C379-ED2C-A358-9A92711F134E}"
EndProject
Project("{FAE04EC0-301F-11D3-BF4B-00C04F79EFBC}") = "Unity.Services.Core.Environments.Editor", "Unity.Services.Core.Environments.Editor.csproj", "{9F94C6A3-F26B-4E89-E6E1-3DBC4985D4AB}"
EndProject
Project("{FAE04EC0-301F-11D3-BF4B-00C04F79EFBC}") = "PhotonRealtime", "PhotonRealtime.csproj", "{8C5C2182-8467-BE80-E949-1D32742CB997}"
EndProject
Project("{FAE04EC0-301F-11D3-BF4B-00C04F79EFBC}") = "Unity.VisualScripting.Flow.Editor", "Unity.VisualScripting.Flow.Editor.csproj", "{6D4CDECF-9EC1-6AC7-42A2-6DD5AC97A51C}"
EndProject
Project("{FAE04EC0-301F-11D3-BF4B-00C04F79EFBC}") = "Boxophobic.Utils.Editor", "Boxophobic.Utils.Editor.csproj", "{A65F28E1-8148-151C-3877-9FE4693B187E}"
EndProject
Project("{FAE04EC0-301F-11D3-BF4B-00C04F79EFBC}") = "Unity.Netcode.Runtime", "Unity.Netcode.Runtime.csproj", "{D9B7F53F-B2D2-2321-304C-5ED4DBDC9357}"
EndProject
Project("{FAE04EC0-301F-11D3-BF4B-00C04F79EFBC}") = "Unity.Services.Analytics", "Unity.Services.Analytics.csproj", "{67BB2FBF-C6DE-EC7F-4C52-BA65BECFE166}"
EndProject
Project("{FAE04EC0-301F-11D3-BF4B-00C04F79EFBC}") = "Unity.VisualStudio.Editor", "Unity.VisualStudio.Editor.csproj", "{3CB8B2D1-7B96-DF35-034C-5E2E414413B0}"
EndProject
Project("{FAE04EC0-301F-11D3-BF4B-00C04F79EFBC}") = "Unity.Notifications.Android", "Unity.Notifications.Android.csproj", "{6AB19A1D-4145-38AD-1E3D-80756728B093}"
EndProject
Project("{FAE04EC0-301F-11D3-BF4B-00C04F79EFBC}") = "PhotonUnityNetworking.Editor", "PhotonUnityNetworking.Editor.csproj", "{BF8B4810-2399-9F43-8794-9E62A204A341}"
EndProject
Project("{FAE04EC0-301F-11D3-BF4B-00C04F79EFBC}") = "UnityEditor.TestRunner", "UnityEditor.TestRunner.csproj", "{FD0E1596-008C-3C97-E2F0-A0CECE4DEC99}"
EndProject
Project("{FAE04EC0-301F-11D3-BF4B-00C04F79EFBC}") = "Unity.VisualScripting.Core", "Unity.VisualScripting.Core.csproj", "{C5A6E9E5-E1B4-CCB8-3E04-70348AEA6FA3}"
EndProject
Project("{FAE04EC0-301F-11D3-BF4B-00C04F79EFBC}") = "Unity.AI.Navigation.Editor.ConversionSystem", "Unity.AI.Navigation.Editor.ConversionSystem.csproj", "{28665AE0-D1B6-B6CC-63BD-C19917F1F1C7}"
EndProject
Project("{FAE04EC0-301F-11D3-BF4B-00C04F79EFBC}") = "Unity.VisualScripting.State.Editor", "Unity.VisualScripting.State.Editor.csproj", "{1D50A645-73AF-7257-1F68-88735435BA94}"
EndProject
Project("{FAE04EC0-301F-11D3-BF4B-00C04F79EFBC}") = "UnityEngine.Purchasing", "UnityEngine.Purchasing.csproj", "{16E07809-EFF6-E464-A0E9-3CFA22A17CD6}"
EndProject
Project("{FAE04EC0-301F-11D3-BF4B-00C04F79EFBC}") = "Unity.Cinemachine", "Unity.Cinemachine.csproj", "{B1529642-AD92-3BFE-6827-2EA18A981CDD}"
EndProject
Project("{FAE04EC0-301F-11D3-BF4B-00C04F79EFBC}") = "Unity.Services.Core.Editor", "Unity.Services.Core.Editor.csproj", "{922D353D-257C-0DC0-0B04-59A68C12F409}"
EndProject
Project("{FAE04EC0-301F-11D3-BF4B-00C04F79EFBC}") = "Unity.TestTools.CodeCoverage.Editor", "Unity.TestTools.CodeCoverage.Editor.csproj", "{80D971A7-D1AA-04B5-95B5-E8FA2FAD45D8}"
EndProject
Project("{FAE04EC0-301F-11D3-BF4B-00C04F79EFBC}") = "Unity.Burst.CodeGen", "Unity.Burst.CodeGen.csproj", "{CB572AD4-4CA5-4E64-DC7E-D4F399F9A7D6}"
EndProject
Project("{FAE04EC0-301F-11D3-BF4B-00C04F79EFBC}") = "PhotonUnityNetworking", "PhotonUnityNetworking.csproj", "{16B1F934-EC54-25A6-22F0-E74AA1BC35AD}"
EndProject
Project("{FAE04EC0-301F-11D3-BF4B-00C04F79EFBC}") = "Unity.Services.Core", "Unity.Services.Core.csproj", "{900C3EEA-E8CB-98E9-90EA-9EA4215782E1}"
EndProject
Project("{FAE04EC0-301F-11D3-BF4B-00C04F79EFBC}") = "Unity.VisualScripting.Flow", "Unity.VisualScripting.Flow.csproj", "{E0E4F0E0-551C-DA99-4C67-38B18B062D0F}"
EndProject
Project("{FAE04EC0-301F-11D3-BF4B-00C04F79EFBC}") = "Unity.Splines.Editor", "Unity.Splines.Editor.csproj", "{2591B270-7CB7-D56F-35AA-344D46177A27}"
EndProject
Project("{FAE04EC0-301F-11D3-BF4B-00C04F79EFBC}") = "Unity.Splines", "Unity.Splines.csproj", "{A774E6D5-5BF3-ED45-9381-9F8DDA8FA5E0}"
EndProject
Project("{FAE04EC0-301F-11D3-BF4B-00C04F79EFBC}") = "Unity.PerformanceTesting", "Unity.PerformanceTesting.csproj", "{B545A402-C446-B150-317E-7185B8BC5362}"
EndProject
Project("{FAE04EC0-301F-11D3-BF4B-00C04F79EFBC}") = "Unity.TestTools.CodeCoverage.Editor.OpenCover.Model", "Unity.TestTools.CodeCoverage.Editor.OpenCover.Model.csproj", "{B4DDB388-3359-C41A-6469-FCC624ACBD9E}"
EndProject
Project("{FAE04EC0-301F-11D3-BF4B-00C04F79EFBC}") = "Unity.TextMeshPro", "Unity.TextMeshPro.csproj", "{CD96390D-6122-3933-600F-3EE07565F00F}"
EndProject
Project("{FAE04EC0-301F-11D3-BF4B-00C04F79EFBC}") = "UnityEditor.Purchasing", "UnityEditor.Purchasing.csproj", "{1AE0790C-B098-2C7B-FBA4-4616A176A03E}"
EndProject
Project("{FAE04EC0-301F-11D3-BF4B-00C04F79EFBC}") = "Unity.TextMeshPro.Editor", "Unity.TextMeshPro.Editor.csproj", "{6D875A4C-6CED-461A-1293-F726D4F8D9F4}"
EndProject
Project("{FAE04EC0-301F-11D3-BF4B-00C04F79EFBC}") = "Unity.Services.Analytics.Editor", "Unity.Services.Analytics.Editor.csproj", "{F2069C27-9B3F-C991-D33A-E302BF23EA42}"
EndProject
Project("{FAE04EC0-301F-11D3-BF4B-00C04F79EFBC}") = "PhotonUnityNetworking.Demos", "PhotonUnityNetworking.Demos.csproj", "{C3D2999B-58DC-0367-37B7-D96BA28DFD44}"
EndProject
Project("{FAE04EC0-301F-11D3-BF4B-00C04F79EFBC}") = "Unity.Burst.Editor", "Unity.Burst.Editor.csproj", "{2993F837-47AD-84F1-E3A7-6A5AA0FD6BB5}"
EndProject
Project("{FAE04EC0-301F-11D3-BF4B-00C04F79EFBC}") = "Unity.TestTools.CodeCoverage.Editor.OpenCover.Mono.Reflection", "Unity.TestTools.CodeCoverage.Editor.OpenCover.Mono.Reflection.csproj", "{12FDDB1E-99FB-0286-09DE-B7BD8ACBEDA7}"
EndProject
Project("{FAE04EC0-301F-11D3-BF4B-00C04F79EFBC}") = "Unity.Networking.Transport", "Unity.Networking.Transport.csproj", "{CAFDDFEF-F176-60E0-641F-6AE66227D223}"
EndProject
Project("{FAE04EC0-301F-11D3-BF4B-00C04F79EFBC}") = "Unity.Rider.Editor", "Unity.Rider.Editor.csproj", "{52A28456-44B4-3F70-8D29-B28118F358F3}"
EndProject
Project("{FAE04EC0-301F-11D3-BF4B-00C04F79EFBC}") = "Unity.VisualScripting.State", "Unity.VisualScripting.State.csproj", "{84E79933-0CEE-2FE5-5460-3C4363D9F4DA}"
EndProject
Project("{FAE04EC0-301F-11D3-BF4B-00C04F79EFBC}") = "UnityEngine.Purchasing.AppleMacosStub", "UnityEngine.Purchasing.AppleMacosStub.csproj", "{7D282573-7D93-B427-8EB7-19930B4D9CBC}"
EndProject
Project("{FAE04EC0-301F-11D3-BF4B-00C04F79EFBC}") = "Unity.AI.Navigation.Updater", "Unity.AI.Navigation.Updater.csproj", "{667766C9-825C-D831-3845-20781457EF8C}"
EndProject
Project("{FAE04EC0-301F-11D3-BF4B-00C04F79EFBC}") = "UnityEngine.Purchasing.Codeless", "UnityEngine.Purchasing.Codeless.csproj", "{091924BC-4D72-6438-3099-C8302EE24156}"
EndProject
Project("{FAE04EC0-301F-11D3-BF4B-00C04F79EFBC}") = "Unity.Netcode.Components", "Unity.Netcode.Components.csproj", "{E17D7321-31BD-6C3B-56A1-491BEC16D216}"
EndProject
Project("{FAE04EC0-301F-11D3-BF4B-00C04F79EFBC}") = "Unity.Performance.Profile-Analyzer.Editor", "Unity.Performance.Profile-Analyzer.Editor.csproj", "{8CE2B870-475F-ACF5-0619-F276A818F879}"
EndProject
Project("{FAE04EC0-301F-11D3-BF4B-00C04F79EFBC}") = "UnityEditor.UI", "UnityEditor.UI.csproj", "{11E1F0FA-7DFE-4315-79CC-E8B66FB0948A}"
EndProject
Project("{FAE04EC0-301F-11D3-BF4B-00C04F79EFBC}") = "Boxophobic.SkyboxCubemapExtended.Editor", "Boxophobic.SkyboxCubemapExtended.Editor.csproj", "{7C53AA0B-6741-8D32-E265-219380E2C688}"
EndProject
Project("{FAE04EC0-301F-11D3-BF4B-00C04F79EFBC}") = "Assembly-CSharp", "Assembly-CSharp.csproj", "{089D7CEA-31AE-3BDD-A107-F0EBA9451E7D}"
EndProject
Project("{FAE04EC0-301F-11D3-BF4B-00C04F79EFBC}") = "Unity.Analytics.DataPrivacy", "Unity.Analytics.DataPrivacy.csproj", "{93821164-2DC6-9ADD-4749-F60F213AE8F7}"
EndProject
Project("{FAE04EC0-301F-11D3-BF4B-00C04F79EFBC}") = "Unity.Networking.Editor", "Unity.Networking.Editor.csproj", "{D85ED0DB-2C30-CF17-9AA2-2D53FF58F371}"
EndProject
Project("{FAE04EC0-301F-11D3-BF4B-00C04F79EFBC}") = "Unity.Notifications", "Unity.Notifications.csproj", "{B7B1652B-9525-066A-B2D5-FFD827CC2675}"
EndProject
Project("{FAE04EC0-301F-11D3-BF4B-00C04F79EFBC}") = "Unity.AI.Navigation.Editor", "Unity.AI.Navigation.Editor.csproj", "{97E24A8E-64D2-ECB5-1BD5-12F9BD38485E}"
EndProject
Project("{FAE04EC0-301F-11D3-BF4B-00C04F79EFBC}") = "PhotonUnityNetworking.Utilities", "PhotonUnityNetworking.Utilities.csproj", "{AC535153-9BF5-B03F-F624-BD47528EAFA2}"
EndProject
Project("{FAE04EC0-301F-11D3-BF4B-00C04F79EFBC}") = "Unity.2D.Sprite.Editor", "Unity.2D.Sprite.Editor.csproj", "{3FF434C9-BA44-9D07-253E-3E1B008D75BB}"
EndProject
Project("{FAE04EC0-301F-11D3-BF4B-00C04F79EFBC}") = "Unity.Netcode.Editor.CodeGen", "Unity.Netcode.Editor.CodeGen.csproj", "{5E529C12-E665-91C7-F7BF-8856863697C7}"
EndProject
Project("{FAE04EC0-301F-11D3-BF4B-00C04F79EFBC}") = "UnityEngine.Advertisements.DevX.Editor", "UnityEngine.Advertisements.DevX.Editor.csproj", "{C1D0F2FE-1C03-02FF-40A7-34D0E764A5C2}"
EndProject
Project("{FAE04EC0-301F-11D3-BF4B-00C04F79EFBC}") = "Unity.Services.Core.Configuration.Editor", "Unity.Services.Core.Configuration.Editor.csproj", "{1D616B11-2D43-7361-9839-64161EFE2EA4}"
EndProject
Project("{FAE04EC0-301F-11D3-BF4B-00C04F79EFBC}") = "Unity.Services.Core.Configuration", "Unity.Services.Core.Configuration.csproj", "{AFD97B45-8F47-E13D-C606-C0383E12AE27}"
EndProject
Project("{FAE04EC0-301F-11D3-BF4B-00C04F79EFBC}") = "Unity.Services.Core.Environments.Internal", "Unity.Services.Core.Environments.Internal.csproj", "{6FB709F3-0455-70A9-13B9-40212BA8EB66}"
EndProject
Project("{FAE04EC0-301F-11D3-BF4B-00C04F79EFBC}") = "Unity.Notifications.Unified", "Unity.Notifications.Unified.csproj", "{0FFA41AC-F724-7E8D-8844-2AC8E21A841E}"
EndProject
Project("{FAE04EC0-301F-11D3-BF4B-00C04F79EFBC}") = "Unity.Services.Core.Scheduler", "Unity.Services.Core.Scheduler.csproj", "{7FDF294E-B8F4-EE29-EBC5-6F7C594579CB}"
EndProject
Project("{FAE04EC0-301F-11D3-BF4B-00C04F79EFBC}") = "UnityEngine.Purchasing.SecurityCore", "UnityEngine.Purchasing.SecurityCore.csproj", "{65709B59-567E-D86D-A21F-1AE35947B2D4}"
EndProject
Project("{FAE04EC0-301F-11D3-BF4B-00C04F79EFBC}") = "Unity.AI.Navigation", "Unity.AI.Navigation.csproj", "{7C431964-98E2-3BF6-BD18-DDE559CF152E}"
EndProject
Project("{FAE04EC0-301F-11D3-BF4B-00C04F79EFBC}") = "Unity.Collections.CodeGen", "Unity.Collections.CodeGen.csproj", "{5F7E1A5E-F2BB-FC58-5DFE-81867682A6B1}"
EndProject
Project("{FAE04EC0-301F-11D3-BF4B-00C04F79EFBC}") = "Unity.Services.Core.Telemetry", "Unity.Services.Core.Telemetry.csproj", "{644AE506-D294-67E5-2DCD-40AA24D3E7A1}"
EndProject
Project("{FAE04EC0-301F-11D3-BF4B-00C04F79EFBC}") = "Unity.Mathematics.Editor", "Unity.Mathematics.Editor.csproj", "{52B7F965-3EE9-921C-54C1-1E0B33AE239F}"
EndProject
Project("{FAE04EC0-301F-11D3-BF4B-00C04F79EFBC}") = "Unity.VisualScripting.SettingsProvider.Editor", "Unity.VisualScripting.SettingsProvider.Editor.csproj", "{4E665EE9-A435-1CB8-6570-684173D3B4FE}"
EndProject
Project("{FAE04EC0-301F-11D3-BF4B-00C04F79EFBC}") = "Boxophobic.Utils.Scripts", "Boxophobic.Utils.Scripts.csproj", "{ECE975C4-CADB-67C8-4DDE-D8DA512ADA86}"
EndProject
Project("{FAE04EC0-301F-11D3-BF4B-00C04F79EFBC}") = "Unity.Notifications.iOS", "Unity.Notifications.iOS.csproj", "{73D5CE9B-6946-53A8-E37E-1AC9D1F6D551}"
EndProject
Project("{FAE04EC0-301F-11D3-BF4B-00C04F79EFBC}") = "Purchasing.Common", "Purchasing.Common.csproj", "{4D592117-6100-4012-940D-9052F9842263}"
EndProject
Project("{FAE04EC0-301F-11D3-BF4B-00C04F79EFBC}") = "Unity.Services.Core.Threading", "Unity.Services.Core.Threading.csproj", "{3CB7DA6A-28EB-E0A3-CFD4-E5C1D508FC35}"
EndProject
Project("{FAE04EC0-301F-11D3-BF4B-00C04F79EFBC}") = "Unity.Services.PushNotifications", "Unity.Services.PushNotifications.csproj", "{2009D374-4EE8-4BB1-F97F-0614E2FCF859}"
EndProject
Project("{FAE04EC0-301F-11D3-BF4B-00C04F79EFBC}") = "Unity.Settings.Editor", "Unity.Settings.Editor.csproj", "{08C560BA-0CE5-AAEA-03D3-544AABDE33C4}"
EndProject
Project("{FAE04EC0-301F-11D3-BF4B-00C04F79EFBC}") = "UnityEditor.XR.LegacyInputHelpers", "UnityEditor.XR.LegacyInputHelpers.csproj", "{55549A90-4FC4-526A-4C34-A3E94647D3A2}"
EndProject
Project("{FAE04EC0-301F-11D3-BF4B-00C04F79EFBC}") = "PunDemos.DemoHubEditor", "PunDemos.DemoHubEditor.csproj", "{F199179A-FB2B-0834-93FD-9A8FBF3878E8}"
EndProject
Project("{FAE04EC0-301F-11D3-BF4B-00C04F79EFBC}") = "Unity.VisualScripting.Shared.Editor", "Unity.VisualScripting.Shared.Editor.csproj", "{3875BA08-C15B-79D4-14D6-6ECA9D5F2A78}"
EndProject
Project("{FAE04EC0-301F-11D3-BF4B-00C04F79EFBC}") = "PunDemos.DemoSlotcarEditor", "PunDemos.DemoSlotcarEditor.csproj", "{63222D5D-C306-482B-14FD-960177B29D42}"
EndProject
Project("{FAE04EC0-301F-11D3-BF4B-00C04F79EFBC}") = "Unity.Toolchain.Win-x86_64-Linux-x86_64", "Unity.Toolchain.Win-x86_64-Linux-x86_64.csproj", "{ACBE2F87-80EC-4793-8044-2C373CBEC549}"
EndProject
Project("{FAE04EC0-301F-11D3-BF4B-00C04F79EFBC}") = "Unity.Services.Core.Device", "Unity.Services.Core.Device.csproj", "{C915A866-44C8-99CA-B2EC-E224FCEF0D85}"
EndProject
Project("{FAE04EC0-301F-11D3-BF4B-00C04F79EFBC}") = "PhotonChat", "PhotonChat.csproj", "{EED7B6B5-275F-8F7E-5636-D711AFE8473B}"
EndProject
Project("{FAE04EC0-301F-11D3-BF4B-00C04F79EFBC}") = "Unity.Services.Core.Analytics", "Unity.Services.Core.Analytics.csproj", "{9E16F6E9-56FD-CFCC-6F2C-A63BDAA530EA}"
EndProject
Project("{FAE04EC0-301F-11D3-BF4B-00C04F79EFBC}") = "Unity.EditorCoroutines.Editor", "Unity.EditorCoroutines.Editor.csproj", "{0EA1ACE1-8A94-28C7-B1C0-2C8906917E1F}"
EndProject
Project("{FAE04EC0-301F-11D3-BF4B-00C04F79EFBC}") = "Unity.Services.PushNotifications.Editor", "Unity.Services.PushNotifications.Editor.csproj", "{0785F783-E973-9B77-0251-D4AAAC30E585}"
EndProject
Project("{FAE04EC0-301F-11D3-BF4B-00C04F79EFBC}") = "UnityEngine.Purchasing.AppleStub", "UnityEngine.Purchasing.AppleStub.csproj", "{FA654DE7-1CD1-9CB2-154D-A4D63A794C46}"
EndProject
Project("{FAE04EC0-301F-11D3-BF4B-00C04F79EFBC}") = "UnityEngine.Purchasing.AppleCore", "UnityEngine.Purchasing.AppleCore.csproj", "{6FC543C9-2CAC-1A72-6846-8549F73622D9}"
EndProject
Project("{FAE04EC0-301F-11D3-BF4B-00C04F79EFBC}") = "UnityEngine.Purchasing.SecurityStub", "UnityEngine.Purchasing.SecurityStub.csproj", "{8EB6BF60-759B-23DF-DEEC-73A2EBC611AC}"
EndProject
Project("{FAE04EC0-301F-11D3-BF4B-00C04F79EFBC}") = "Unity.Netcode.Editor", "Unity.Netcode.Editor.csproj", "{31DE749A-48E6-1245-9F47-0BE9CF4C1CF0}"
EndProject
Project("{FAE04EC0-301F-11D3-BF4B-00C04F79EFBC}") = "IAPResolver", "IAPResolver.csproj", "{055401CC-C5B8-9669-0FB8-D10FA692A076}"
EndProject
Project("{FAE04EC0-301F-11D3-BF4B-00C04F79EFBC}") = "PhotonUnityNetworking.Utilities.PhotonPlayer.Editor", "PhotonUnityNetworking.Utilities.PhotonPlayer.Editor.csproj", "{9B9407F3-3DCD-00C8-0FF5-F00A771A7702}"
EndProject
Project("{FAE04EC0-301F-11D3-BF4B-00C04F79EFBC}") = "UnityEngine.Purchasing.WinRTStub", "UnityEngine.Purchasing.WinRTStub.csproj", "{CDDEFE2C-5A4B-0F21-9ADA-E3FA8C741395}"
EndProject
Project("{FAE04EC0-301F-11D3-BF4B-00C04F79EFBC}") = "UnityEngine.SpatialTracking", "UnityEngine.SpatialTracking.csproj", "{20296C9B-B53B-6355-05E6-9A4A827CF6D2}"
EndProject
Project("{FAE04EC0-301F-11D3-BF4B-00C04F79EFBC}") = "Unity.Services.Core.Registration", "Unity.Services.Core.Registration.csproj", "{4B7E5F7C-9941-AB95-CE51-714621FCED0D}"
EndProject
Project("{FAE04EC0-301F-11D3-BF4B-00C04F79EFBC}") = "UnityEngine.Purchasing.WinRTCore", "UnityEngine.Purchasing.WinRTCore.csproj", "{0E0A6E59-9939-E3E5-4B8C-EF4F8BE70257}"
EndProject
Project("{FAE04EC0-301F-11D3-BF4B-00C04F79EFBC}") = "Unity.SysrootPackage.Editor", "Unity.SysrootPackage.Editor.csproj", "{7B3E8695-EDBE-A88F-815F-67E50599541B}"
EndProject
Project("{FAE04EC0-301F-11D3-BF4B-00C04F79EFBC}") = "UnityEngine.XR.LegacyInputHelpers", "UnityEngine.XR.LegacyInputHelpers.csproj", "{1AF09624-ACCB-A1E6-AED4-16D1CF87CDC9}"
EndProject
Project("{FAE04EC0-301F-11D3-BF4B-00C04F79EFBC}") = "Unity.CollabProxy.Editor", "Unity.CollabProxy.Editor.csproj", "{EF37170F-E00F-1AF7-4538-0F53864A9A46}"
EndProject
Project("{FAE04EC0-301F-11D3-BF4B-00C04F79EFBC}") = "Unity.Netcode.Editor.PackageChecker", "Unity.Netcode.Editor.PackageChecker.csproj", "{C7DE0EAC-8755-552C-F83C-8C052517520D}"
EndProject
Project("{FAE04EC0-301F-11D3-BF4B-00C04F79EFBC}") = "Unity.Sysroot.Linux_x86_64", "Unity.Sysroot.Linux_x86_64.csproj", "{8AD6818F-BE13-462C-BBBE-03E5F8738AE5}"
EndProject
Project("{FAE04EC0-301F-11D3-BF4B-00C04F79EFBC}") = "Unity.Services.Core.Networking", "Unity.Services.Core.Networking.csproj", "{07FD885A-7826-AF84-09D8-34A31C5F7B35}"
EndProject
Project("{FAE04EC0-301F-11D3-BF4B-00C04F79EFBC}") = "Analytics", "Analytics.csproj", "{73C19183-EAC7-B8D8-3BEC-FC59A490DA9B}"
EndProject
Project("{FAE04EC0-301F-11D3-BF4B-00C04F79EFBC}") = "UnityEditor.SpatialTracking", "UnityEditor.SpatialTracking.csproj", "{C46A1FF1-A043-8E80-1676-39C0E6C41EAF}"
EndProject
Project("{FAE04EC0-301F-11D3-BF4B-00C04F79EFBC}") = "Unity.Services.Core.Environments", "Unity.Services.Core.Environments.csproj", "{D01941D8-0471-74C1-22C7-33D134381C47}"
EndProject
Project("{FAE04EC0-301F-11D3-BF4B-00C04F79EFBC}") = "Unity.Collections.Editor", "Unity.Collections.Editor.csproj", "{DCA6243F-0740-7437-C895-B7584A4D7FFF}"
EndProject
Project("{FAE04EC0-301F-11D3-BF4B-00C04F79EFBC}") = "PhotonUnityNetworking.Utilities.Culling.Editor", "PhotonUnityNetworking.Utilities.Culling.Editor.csproj", "{E5DE5F28-494B-BF72-3174-92EDDCA311FD}"
EndProject
Project("{FAE04EC0-301F-11D3-BF4B-00C04F79EFBC}") = "Assembly-CSharp-Editor", "Assembly-CSharp-Editor.csproj", "{2E66F862-E205-7AE6-EEAD-E800B0FADD80}"
EndProject
Project("{FAE04EC0-301F-11D3-BF4B-00C04F79EFBC}") = "Unity.Timeline", "Unity.Timeline.Player.csproj", "{FE40A616-D7CC-B1AA-E587-9C66CCD16B72}"
EndProject
Project("{FAE04EC0-301F-11D3-BF4B-00C04F79EFBC}") = "Unity.Services.Core.Internal", "Unity.Services.Core.Internal.Player.csproj", "{5DE19ACE-05FB-6622-0024-DE271DCD3D1B}"
EndProject
Project("{FAE04EC0-301F-11D3-BF4B-00C04F79EFBC}") = "Unity.Mathematics", "Unity.Mathematics.Player.csproj", "{CE55A57F-25FD-5DF2-F0CF-E7D98CF20865}"
EndProject
Project("{FAE04EC0-301F-11D3-BF4B-00C04F79EFBC}") = "Unity.Collections", "Unity.Collections.Player.csproj", "{49C665E0-3B51-609B-A626-9BB855A037A7}"
EndProject
Project("{FAE04EC0-301F-11D3-BF4B-00C04F79EFBC}") = "UnityEngine.Advertisements", "UnityEngine.Advertisements.Player.csproj", "{75356D7D-0E71-DC22-6667-5643E56A6EE7}"
EndProject
Project("{FAE04EC0-301F-11D3-BF4B-00C04F79EFBC}") = "UnityEngine.UI", "UnityEngine.UI.Player.csproj", "{1E30B849-9CD4-DA58-9165-FBFBCF317283}"
EndProject
Project("{FAE04EC0-301F-11D3-BF4B-00C04F79EFBC}") = "UnityEngine.Purchasing.Stores", "UnityEngine.Purchasing.Stores.Player.csproj", "{8E51E6FE-2B99-F676-86D4-923397735547}"
EndProject
Project("{FAE04EC0-301F-11D3-BF4B-00C04F79EFBC}") = "UnityEngine.TestRunner", "UnityEngine.TestRunner.Player.csproj", "{5E384B66-2C6F-42F4-2C69-4562653F0959}"
EndProject
Project("{FAE04EC0-301F-11D3-BF4B-00C04F79EFBC}") = "Unity.Burst", "Unity.Burst.Player.csproj", "{0472634B-654C-B3B3-6872-E3CFD42F6212}"
EndProject
Project("{FAE04EC0-301F-11D3-BF4B-00C04F79EFBC}") = "PhotonRealtime", "PhotonRealtime.Player.csproj", "{AA99A799-1A1F-77BD-3488-E1F088CA1B47}"
EndProject
Project("{FAE04EC0-301F-11D3-BF4B-00C04F79EFBC}") = "Unity.Netcode.Runtime", "Unity.Netcode.Runtime.Player.csproj", "{C7ABFA72-3285-9A7D-F33C-5EA5E59702D7}"
EndProject
Project("{FAE04EC0-301F-11D3-BF4B-00C04F79EFBC}") = "Unity.Services.Analytics", "Unity.Services.Analytics.Player.csproj", "{B99B5557-1A50-D06A-238A-47FCFA10400C}"
EndProject
Project("{FAE04EC0-301F-11D3-BF4B-00C04F79EFBC}") = "Unity.VisualScripting.Core", "Unity.VisualScripting.Core.Player.csproj", "{E8A21027-FE46-29CD-995C-DD1D64668A33}"
EndProject
Project("{FAE04EC0-301F-11D3-BF4B-00C04F79EFBC}") = "UnityEngine.Purchasing", "UnityEngine.Purchasing.Player.csproj", "{AFD63CC1-5CE0-1FE4-C8E6-55E2FE836F88}"
EndProject
Project("{FAE04EC0-301F-11D3-BF4B-00C04F79EFBC}") = "Unity.Cinemachine", "Unity.Cinemachine.Player.csproj", "{F3D7338B-33E5-3836-6EE1-E5F267A44DE0}"
EndProject
Project("{FAE04EC0-301F-11D3-BF4B-00C04F79EFBC}") = "PhotonUnityNetworking", "PhotonUnityNetworking.Player.csproj", "{68CAAE50-30B9-9BEA-F06A-E25B8CA88096}"
EndProject
Project("{FAE04EC0-301F-11D3-BF4B-00C04F79EFBC}") = "Unity.Services.Core", "Unity.Services.Core.Player.csproj", "{1F6F93C7-7A8B-022F-06B5-341CA1FAEAB2}"
EndProject
Project("{FAE04EC0-301F-11D3-BF4B-00C04F79EFBC}") = "Unity.VisualScripting.Flow", "Unity.VisualScripting.Flow.Player.csproj", "{8304761D-2A88-83E6-9881-D03237CB7269}"
EndProject
Project("{FAE04EC0-301F-11D3-BF4B-00C04F79EFBC}") = "Unity.Splines", "Unity.Splines.Player.csproj", "{9FA6DEFE-B05B-7CDE-C168-633F25058380}"
EndProject
Project("{FAE04EC0-301F-11D3-BF4B-00C04F79EFBC}") = "Unity.PerformanceTesting", "Unity.PerformanceTesting.Player.csproj", "{66B4032A-AF19-9232-0FDA-ED5758CC40A1}"
EndProject
Project("{FAE04EC0-301F-11D3-BF4B-00C04F79EFBC}") = "Unity.TextMeshPro", "Unity.TextMeshPro.Player.csproj", "{6301F489-1126-555B-D323-266DBAFCAA7F}"
EndProject
Project("{FAE04EC0-301F-11D3-BF4B-00C04F79EFBC}") = "PhotonUnityNetworking.Demos", "PhotonUnityNetworking.Demos.Player.csproj", "{4D5E0AA7-5E9F-9B15-6929-E995198E388D}"
EndProject
Project("{FAE04EC0-301F-11D3-BF4B-00C04F79EFBC}") = "Unity.Networking.Transport", "Unity.Networking.Transport.Player.csproj", "{A4A70F5C-CB7B-92B7-6989-AAB42D02E669}"
EndProject
Project("{FAE04EC0-301F-11D3-BF4B-00C04F79EFBC}") = "Unity.VisualScripting.State", "Unity.VisualScripting.State.Player.csproj", "{B1BDE212-2C54-05CD-4F1E-937D08E6431C}"
EndProject
Project("{FAE04EC0-301F-11D3-BF4B-00C04F79EFBC}") = "UnityEngine.Purchasing.AppleMacosStub", "UnityEngine.Purchasing.AppleMacosStub.Player.csproj", "{121CD969-BA02-C1E7-D415-2407D529C12B}"
EndProject
Project("{FAE04EC0-301F-11D3-BF4B-00C04F79EFBC}") = "UnityEngine.Purchasing.Codeless", "UnityEngine.Purchasing.Codeless.Player.csproj", "{3F8EF6EA-04BF-D806-4070-F1BCB91F54FC}"
EndProject
Project("{FAE04EC0-301F-11D3-BF4B-00C04F79EFBC}") = "Unity.Netcode.Components", "Unity.Netcode.Components.Player.csproj", "{AFCC799C-0675-DE2F-59BF-AF20DE2163E4}"
EndProject
Project("{FAE04EC0-301F-11D3-BF4B-00C04F79EFBC}") = "Assembly-CSharp", "Assembly-CSharp.Player.csproj", "{2A7298C0-14AD-12B4-22A9-549B4F199259}"
EndProject
Project("{FAE04EC0-301F-11D3-BF4B-00C04F79EFBC}") = "Unity.Analytics.DataPrivacy", "Unity.Analytics.DataPrivacy.Player.csproj", "{05DBB0F1-A1C5-CD9E-5FED-C6B2A0917FF9}"
EndProject
Project("{FAE04EC0-301F-11D3-BF4B-00C04F79EFBC}") = "PhotonUnityNetworking.Utilities", "PhotonUnityNetworking.Utilities.Player.csproj", "{F7D541A0-E6EF-D5B5-1964-75D1BDD0041E}"
EndProject
Project("{FAE04EC0-301F-11D3-BF4B-00C04F79EFBC}") = "Unity.Services.Core.Configuration", "Unity.Services.Core.Configuration.Player.csproj", "{6BEBE3AB-DC10-893D-F16E-43BFBD0AFF6B}"
EndProject
Project("{FAE04EC0-301F-11D3-BF4B-00C04F79EFBC}") = "Unity.Services.Core.Environments.Internal", "Unity.Services.Core.Environments.Internal.Player.csproj", "{E54D5B19-8F7D-537E-B431-DDE52C7BF3EF}"
EndProject
Project("{FAE04EC0-301F-11D3-BF4B-00C04F79EFBC}") = "Unity.Services.Core.Scheduler", "Unity.Services.Core.Scheduler.Player.csproj", "{AA478A08-4B0C-13E5-43DF-F7F930AB192B}"
EndProject
Project("{FAE04EC0-301F-11D3-BF4B-00C04F79EFBC}") = "UnityEngine.Purchasing.SecurityCore", "UnityEngine.Purchasing.SecurityCore.Player.csproj", "{46D2FD85-9665-BE99-DA36-98694E9A3824}"
EndProject
Project("{FAE04EC0-301F-11D3-BF4B-00C04F79EFBC}") = "Unity.AI.Navigation", "Unity.AI.Navigation.Player.csproj", "{E7F4833A-ADE2-EC75-0D07-64037B07896C}"
EndProject
Project("{FAE04EC0-301F-11D3-BF4B-00C04F79EFBC}") = "Unity.Services.Core.Telemetry", "Unity.Services.Core.Telemetry.Player.csproj", "{F535CACB-63B0-A307-8BEB-E4CB48CBA198}"
EndProject
Project("{FAE04EC0-301F-11D3-BF4B-00C04F79EFBC}") = "Boxophobic.Utils.Scripts", "Boxophobic.Utils.Scripts.Player.csproj", "{EE39BC27-19B8-2A72-D2F3-28315D699BBF}"
EndProject
Project("{FAE04EC0-301F-11D3-BF4B-00C04F79EFBC}") = "Purchasing.Common", "Purchasing.Common.Player.csproj", "{4EFE7369-A408-90C1-5B71-D94EDF0C40FF}"
EndProject
Project("{FAE04EC0-301F-11D3-BF4B-00C04F79EFBC}") = "Unity.Services.Core.Threading", "Unity.Services.Core.Threading.Player.csproj", "{51D1E053-49E2-5AF7-7891-1701EB04585A}"
EndProject
Project("{FAE04EC0-301F-11D3-BF4B-00C04F79EFBC}") = "Unity.Services.PushNotifications", "Unity.Services.PushNotifications.Player.csproj", "{EED9DFCA-F9EA-B9F2-4F0D-219E1E5962A0}"
EndProject
Project("{FAE04EC0-301F-11D3-BF4B-00C04F79EFBC}") = "Unity.Services.Core.Device", "Unity.Services.Core.Device.Player.csproj", "{7A06872E-3B81-69DB-2A4D-E66FDB1A8FC4}"
EndProject
Project("{FAE04EC0-301F-11D3-BF4B-00C04F79EFBC}") = "PhotonChat", "PhotonChat.Player.csproj", "{59613606-1C48-3F44-2B91-2B15BB28B23E}"
EndProject
Project("{FAE04EC0-301F-11D3-BF4B-00C04F79EFBC}") = "Unity.Services.Core.Analytics", "Unity.Services.Core.Analytics.Player.csproj", "{2EDDCAC6-948C-EFE3-F4D8-A66EF1A0F7C8}"
EndProject
Project("{FAE04EC0-301F-11D3-BF4B-00C04F79EFBC}") = "UnityEngine.Purchasing.AppleStub", "UnityEngine.Purchasing.AppleStub.Player.csproj", "{E134669F-E6F4-954D-1A92-1A17AD2E8291}"
EndProject
Project("{FAE04EC0-301F-11D3-BF4B-00C04F79EFBC}") = "UnityEngine.Purchasing.AppleCore", "UnityEngine.Purchasing.AppleCore.Player.csproj", "{9818E727-60B7-8827-AB3D-B035E089E788}"
EndProject
Project("{FAE04EC0-301F-11D3-BF4B-00C04F79EFBC}") = "UnityEngine.Purchasing.SecurityStub", "UnityEngine.Purchasing.SecurityStub.Player.csproj", "{581B56C5-6612-41B9-E1B6-94B519CFDA9C}"
EndProject
Project("{FAE04EC0-301F-11D3-BF4B-00C04F79EFBC}") = "UnityEngine.Purchasing.WinRTStub", "UnityEngine.Purchasing.WinRTStub.Player.csproj", "{BE4110E0-E275-12E6-590E-A62AD2154FDE}"
EndProject
Project("{FAE04EC0-301F-11D3-BF4B-00C04F79EFBC}") = "UnityEngine.SpatialTracking", "UnityEngine.SpatialTracking.Player.csproj", "{D242A1F3-CB01-1AE0-9AD7-F5B3CF24F95E}"
EndProject
Project("{FAE04EC0-301F-11D3-BF4B-00C04F79EFBC}") = "Unity.Services.Core.Registration", "Unity.Services.Core.Registration.Player.csproj", "{F2C5AE0B-3B6A-529C-395A-CB429102898A}"
EndProject
Project("{FAE04EC0-301F-11D3-BF4B-00C04F79EFBC}") = "UnityEngine.Purchasing.WinRTCore", "UnityEngine.Purchasing.WinRTCore.Player.csproj", "{1E2AC6A7-105D-44A3-13B8-B4F9593B1B36}"
EndProject
Project("{FAE04EC0-301F-11D3-BF4B-00C04F79EFBC}") = "UnityEngine.XR.LegacyInputHelpers", "UnityEngine.XR.LegacyInputHelpers.Player.csproj", "{03D6DB52-C5AE-18C9-22A6-8A547C400196}"
EndProject
Project("{FAE04EC0-301F-11D3-BF4B-00C04F79EFBC}") = "Unity.Services.Core.Networking", "Unity.Services.Core.Networking.Player.csproj", "{6E65F1B4-ABA3-A7B4-A8B4-4336FBD9F336}"
EndProject
Project("{FAE04EC0-301F-11D3-BF4B-00C04F79EFBC}") = "Unity.Services.Core.Environments", "Unity.Services.Core.Environments.Player.csproj", "{F47B736B-6FCF-778B-4CA1-99B34DBE7D84}"
EndProject
Global
	GlobalSection(SolutionConfigurationPlatforms) = preSolution
		Debug|Any CPU = Debug|Any CPU
		Release|Any CPU = Release|Any CPU
	EndGlobalSection
	GlobalSection(ProjectConfigurationPlatforms) = postSolution
		{27F40C9B-7D6D-CEF9-D42C-F65C75E17F91}.Debug|Any CPU.ActiveCfg = Debug|Any CPU
		{27F40C9B-7D6D-CEF9-D42C-F65C75E17F91}.Debug|Any CPU.Build.0 = Debug|Any CPU
		{27F40C9B-7D6D-CEF9-D42C-F65C75E17F91}.Release|Any CPU.ActiveCfg = Release|Any CPU
		{27F40C9B-7D6D-CEF9-D42C-F65C75E17F91}.Release|Any CPU.Build.0 = Release|Any CPU
		{FEC9CF2B-F166-2934-5BAC-7AD6C34B24A6}.Debug|Any CPU.ActiveCfg = Debug|Any CPU
		{FEC9CF2B-F166-2934-5BAC-7AD6C34B24A6}.Debug|Any CPU.Build.0 = Debug|Any CPU
		{FEC9CF2B-F166-2934-5BAC-7AD6C34B24A6}.Release|Any CPU.ActiveCfg = Release|Any CPU
		{FEC9CF2B-F166-2934-5BAC-7AD6C34B24A6}.Release|Any CPU.Build.0 = Release|Any CPU
		{75014FB2-8061-340B-A6CE-929AD0B9BA50}.Debug|Any CPU.ActiveCfg = Debug|Any CPU
		{75014FB2-8061-340B-A6CE-929AD0B9BA50}.Debug|Any CPU.Build.0 = Debug|Any CPU
		{75014FB2-8061-340B-A6CE-929AD0B9BA50}.Release|Any CPU.ActiveCfg = Release|Any CPU
		{75014FB2-8061-340B-A6CE-929AD0B9BA50}.Release|Any CPU.Build.0 = Release|Any CPU
		{7331C005-542F-E6FA-CB8E-A18BC4CDAF86}.Debug|Any CPU.ActiveCfg = Debug|Any CPU
		{7331C005-542F-E6FA-CB8E-A18BC4CDAF86}.Debug|Any CPU.Build.0 = Debug|Any CPU
		{7331C005-542F-E6FA-CB8E-A18BC4CDAF86}.Release|Any CPU.ActiveCfg = Release|Any CPU
		{7331C005-542F-E6FA-CB8E-A18BC4CDAF86}.Release|Any CPU.Build.0 = Release|Any CPU
		{8BA9B927-61EF-11AF-8ACF-4A6A1CAD372D}.Debug|Any CPU.ActiveCfg = Debug|Any CPU
		{8BA9B927-61EF-11AF-8ACF-4A6A1CAD372D}.Debug|Any CPU.Build.0 = Debug|Any CPU
		{8BA9B927-61EF-11AF-8ACF-4A6A1CAD372D}.Release|Any CPU.ActiveCfg = Release|Any CPU
		{8BA9B927-61EF-11AF-8ACF-4A6A1CAD372D}.Release|Any CPU.Build.0 = Release|Any CPU
		{3997C403-4C4D-8072-32FE-C945FB2FA9BF}.Debug|Any CPU.ActiveCfg = Debug|Any CPU
		{3997C403-4C4D-8072-32FE-C945FB2FA9BF}.Debug|Any CPU.Build.0 = Debug|Any CPU
		{3997C403-4C4D-8072-32FE-C945FB2FA9BF}.Release|Any CPU.ActiveCfg = Release|Any CPU
		{3997C403-4C4D-8072-32FE-C945FB2FA9BF}.Release|Any CPU.Build.0 = Release|Any CPU
		{ED8CC1F8-838F-E463-087C-B2ED4AAFCC36}.Debug|Any CPU.ActiveCfg = Debug|Any CPU
		{ED8CC1F8-838F-E463-087C-B2ED4AAFCC36}.Debug|Any CPU.Build.0 = Debug|Any CPU
		{ED8CC1F8-838F-E463-087C-B2ED4AAFCC36}.Release|Any CPU.ActiveCfg = Release|Any CPU
		{ED8CC1F8-838F-E463-087C-B2ED4AAFCC36}.Release|Any CPU.Build.0 = Release|Any CPU
		{49D114AB-5BCE-4B3B-7234-0B34DF09E159}.Debug|Any CPU.ActiveCfg = Debug|Any CPU
		{49D114AB-5BCE-4B3B-7234-0B34DF09E159}.Debug|Any CPU.Build.0 = Debug|Any CPU
		{49D114AB-5BCE-4B3B-7234-0B34DF09E159}.Release|Any CPU.ActiveCfg = Release|Any CPU
		{49D114AB-5BCE-4B3B-7234-0B34DF09E159}.Release|Any CPU.Build.0 = Release|Any CPU
		{ADCDBC87-2B6D-15AF-E42A-1A3EEC46C581}.Debug|Any CPU.ActiveCfg = Debug|Any CPU
		{ADCDBC87-2B6D-15AF-E42A-1A3EEC46C581}.Debug|Any CPU.Build.0 = Debug|Any CPU
		{ADCDBC87-2B6D-15AF-E42A-1A3EEC46C581}.Release|Any CPU.ActiveCfg = Release|Any CPU
		{ADCDBC87-2B6D-15AF-E42A-1A3EEC46C581}.Release|Any CPU.Build.0 = Release|Any CPU
		{9E5111EE-34F7-3D93-C936-95716C6195A3}.Debug|Any CPU.ActiveCfg = Debug|Any CPU
		{9E5111EE-34F7-3D93-C936-95716C6195A3}.Debug|Any CPU.Build.0 = Debug|Any CPU
		{9E5111EE-34F7-3D93-C936-95716C6195A3}.Release|Any CPU.ActiveCfg = Release|Any CPU
		{9E5111EE-34F7-3D93-C936-95716C6195A3}.Release|Any CPU.Build.0 = Release|Any CPU
		{FC199389-BD26-FAC4-4E08-A8FE305F9ABA}.Debug|Any CPU.ActiveCfg = Debug|Any CPU
		{FC199389-BD26-FAC4-4E08-A8FE305F9ABA}.Debug|Any CPU.Build.0 = Debug|Any CPU
		{FC199389-BD26-FAC4-4E08-A8FE305F9ABA}.Release|Any CPU.ActiveCfg = Release|Any CPU
		{FC199389-BD26-FAC4-4E08-A8FE305F9ABA}.Release|Any CPU.Build.0 = Release|Any CPU
		{29C5BA8F-AC7A-746C-799A-4E05DF54CCB8}.Debug|Any CPU.ActiveCfg = Debug|Any CPU
		{29C5BA8F-AC7A-746C-799A-4E05DF54CCB8}.Debug|Any CPU.Build.0 = Debug|Any CPU
		{29C5BA8F-AC7A-746C-799A-4E05DF54CCB8}.Release|Any CPU.ActiveCfg = Release|Any CPU
		{29C5BA8F-AC7A-746C-799A-4E05DF54CCB8}.Release|Any CPU.Build.0 = Release|Any CPU
		{B66DB913-55BA-019B-1817-AC91DBEEFBBB}.Debug|Any CPU.ActiveCfg = Debug|Any CPU
		{B66DB913-55BA-019B-1817-AC91DBEEFBBB}.Debug|Any CPU.Build.0 = Debug|Any CPU
		{B66DB913-55BA-019B-1817-AC91DBEEFBBB}.Release|Any CPU.ActiveCfg = Release|Any CPU
		{B66DB913-55BA-019B-1817-AC91DBEEFBBB}.Release|Any CPU.Build.0 = Release|Any CPU
		{3B60925B-E329-7C5A-F8F1-06FDDA58EB7E}.Debug|Any CPU.ActiveCfg = Debug|Any CPU
		{3B60925B-E329-7C5A-F8F1-06FDDA58EB7E}.Debug|Any CPU.Build.0 = Debug|Any CPU
		{3B60925B-E329-7C5A-F8F1-06FDDA58EB7E}.Release|Any CPU.ActiveCfg = Release|Any CPU
		{3B60925B-E329-7C5A-F8F1-06FDDA58EB7E}.Release|Any CPU.Build.0 = Release|Any CPU
		{17C9AB9A-0B5D-22FC-7902-E32EE35C5F66}.Debug|Any CPU.ActiveCfg = Debug|Any CPU
		{17C9AB9A-0B5D-22FC-7902-E32EE35C5F66}.Debug|Any CPU.Build.0 = Debug|Any CPU
		{17C9AB9A-0B5D-22FC-7902-E32EE35C5F66}.Release|Any CPU.ActiveCfg = Release|Any CPU
		{17C9AB9A-0B5D-22FC-7902-E32EE35C5F66}.Release|Any CPU.Build.0 = Release|Any CPU
		{3DB1BCF3-C379-ED2C-A358-9A92711F134E}.Debug|Any CPU.ActiveCfg = Debug|Any CPU
		{3DB1BCF3-C379-ED2C-A358-9A92711F134E}.Debug|Any CPU.Build.0 = Debug|Any CPU
		{3DB1BCF3-C379-ED2C-A358-9A92711F134E}.Release|Any CPU.ActiveCfg = Release|Any CPU
		{3DB1BCF3-C379-ED2C-A358-9A92711F134E}.Release|Any CPU.Build.0 = Release|Any CPU
		{9F94C6A3-F26B-4E89-E6E1-3DBC4985D4AB}.Debug|Any CPU.ActiveCfg = Debug|Any CPU
		{9F94C6A3-F26B-4E89-E6E1-3DBC4985D4AB}.Debug|Any CPU.Build.0 = Debug|Any CPU
		{9F94C6A3-F26B-4E89-E6E1-3DBC4985D4AB}.Release|Any CPU.ActiveCfg = Release|Any CPU
		{9F94C6A3-F26B-4E89-E6E1-3DBC4985D4AB}.Release|Any CPU.Build.0 = Release|Any CPU
		{8C5C2182-8467-BE80-E949-1D32742CB997}.Debug|Any CPU.ActiveCfg = Debug|Any CPU
		{8C5C2182-8467-BE80-E949-1D32742CB997}.Debug|Any CPU.Build.0 = Debug|Any CPU
		{8C5C2182-8467-BE80-E949-1D32742CB997}.Release|Any CPU.ActiveCfg = Release|Any CPU
		{8C5C2182-8467-BE80-E949-1D32742CB997}.Release|Any CPU.Build.0 = Release|Any CPU
		{6D4CDECF-9EC1-6AC7-42A2-6DD5AC97A51C}.Debug|Any CPU.ActiveCfg = Debug|Any CPU
		{6D4CDECF-9EC1-6AC7-42A2-6DD5AC97A51C}.Debug|Any CPU.Build.0 = Debug|Any CPU
		{6D4CDECF-9EC1-6AC7-42A2-6DD5AC97A51C}.Release|Any CPU.ActiveCfg = Release|Any CPU
		{6D4CDECF-9EC1-6AC7-42A2-6DD5AC97A51C}.Release|Any CPU.Build.0 = Release|Any CPU
		{A65F28E1-8148-151C-3877-9FE4693B187E}.Debug|Any CPU.ActiveCfg = Debug|Any CPU
		{A65F28E1-8148-151C-3877-9FE4693B187E}.Debug|Any CPU.Build.0 = Debug|Any CPU
		{A65F28E1-8148-151C-3877-9FE4693B187E}.Release|Any CPU.ActiveCfg = Release|Any CPU
		{A65F28E1-8148-151C-3877-9FE4693B187E}.Release|Any CPU.Build.0 = Release|Any CPU
		{D9B7F53F-B2D2-2321-304C-5ED4DBDC9357}.Debug|Any CPU.ActiveCfg = Debug|Any CPU
		{D9B7F53F-B2D2-2321-304C-5ED4DBDC9357}.Debug|Any CPU.Build.0 = Debug|Any CPU
		{D9B7F53F-B2D2-2321-304C-5ED4DBDC9357}.Release|Any CPU.ActiveCfg = Release|Any CPU
		{D9B7F53F-B2D2-2321-304C-5ED4DBDC9357}.Release|Any CPU.Build.0 = Release|Any CPU
		{67BB2FBF-C6DE-EC7F-4C52-BA65BECFE166}.Debug|Any CPU.ActiveCfg = Debug|Any CPU
		{67BB2FBF-C6DE-EC7F-4C52-BA65BECFE166}.Debug|Any CPU.Build.0 = Debug|Any CPU
		{67BB2FBF-C6DE-EC7F-4C52-BA65BECFE166}.Release|Any CPU.ActiveCfg = Release|Any CPU
		{67BB2FBF-C6DE-EC7F-4C52-BA65BECFE166}.Release|Any CPU.Build.0 = Release|Any CPU
		{3CB8B2D1-7B96-DF35-034C-5E2E414413B0}.Debug|Any CPU.ActiveCfg = Debug|Any CPU
		{3CB8B2D1-7B96-DF35-034C-5E2E414413B0}.Debug|Any CPU.Build.0 = Debug|Any CPU
		{3CB8B2D1-7B96-DF35-034C-5E2E414413B0}.Release|Any CPU.ActiveCfg = Release|Any CPU
		{3CB8B2D1-7B96-DF35-034C-5E2E414413B0}.Release|Any CPU.Build.0 = Release|Any CPU
		{6AB19A1D-4145-38AD-1E3D-80756728B093}.Debug|Any CPU.ActiveCfg = Debug|Any CPU
		{6AB19A1D-4145-38AD-1E3D-80756728B093}.Debug|Any CPU.Build.0 = Debug|Any CPU
		{6AB19A1D-4145-38AD-1E3D-80756728B093}.Release|Any CPU.ActiveCfg = Release|Any CPU
		{6AB19A1D-4145-38AD-1E3D-80756728B093}.Release|Any CPU.Build.0 = Release|Any CPU
		{BF8B4810-2399-9F43-8794-9E62A204A341}.Debug|Any CPU.ActiveCfg = Debug|Any CPU
		{BF8B4810-2399-9F43-8794-9E62A204A341}.Debug|Any CPU.Build.0 = Debug|Any CPU
		{BF8B4810-2399-9F43-8794-9E62A204A341}.Release|Any CPU.ActiveCfg = Release|Any CPU
		{BF8B4810-2399-9F43-8794-9E62A204A341}.Release|Any CPU.Build.0 = Release|Any CPU
		{FD0E1596-008C-3C97-E2F0-A0CECE4DEC99}.Debug|Any CPU.ActiveCfg = Debug|Any CPU
		{FD0E1596-008C-3C97-E2F0-A0CECE4DEC99}.Debug|Any CPU.Build.0 = Debug|Any CPU
		{FD0E1596-008C-3C97-E2F0-A0CECE4DEC99}.Release|Any CPU.ActiveCfg = Release|Any CPU
		{FD0E1596-008C-3C97-E2F0-A0CECE4DEC99}.Release|Any CPU.Build.0 = Release|Any CPU
		{C5A6E9E5-E1B4-CCB8-3E04-70348AEA6FA3}.Debug|Any CPU.ActiveCfg = Debug|Any CPU
		{C5A6E9E5-E1B4-CCB8-3E04-70348AEA6FA3}.Debug|Any CPU.Build.0 = Debug|Any CPU
		{C5A6E9E5-E1B4-CCB8-3E04-70348AEA6FA3}.Release|Any CPU.ActiveCfg = Release|Any CPU
		{C5A6E9E5-E1B4-CCB8-3E04-70348AEA6FA3}.Release|Any CPU.Build.0 = Release|Any CPU
		{28665AE0-D1B6-B6CC-63BD-C19917F1F1C7}.Debug|Any CPU.ActiveCfg = Debug|Any CPU
		{28665AE0-D1B6-B6CC-63BD-C19917F1F1C7}.Debug|Any CPU.Build.0 = Debug|Any CPU
		{28665AE0-D1B6-B6CC-63BD-C19917F1F1C7}.Release|Any CPU.ActiveCfg = Release|Any CPU
		{28665AE0-D1B6-B6CC-63BD-C19917F1F1C7}.Release|Any CPU.Build.0 = Release|Any CPU
		{1D50A645-73AF-7257-1F68-88735435BA94}.Debug|Any CPU.ActiveCfg = Debug|Any CPU
		{1D50A645-73AF-7257-1F68-88735435BA94}.Debug|Any CPU.Build.0 = Debug|Any CPU
		{1D50A645-73AF-7257-1F68-88735435BA94}.Release|Any CPU.ActiveCfg = Release|Any CPU
		{1D50A645-73AF-7257-1F68-88735435BA94}.Release|Any CPU.Build.0 = Release|Any CPU
		{16E07809-EFF6-E464-A0E9-3CFA22A17CD6}.Debug|Any CPU.ActiveCfg = Debug|Any CPU
		{16E07809-EFF6-E464-A0E9-3CFA22A17CD6}.Debug|Any CPU.Build.0 = Debug|Any CPU
		{16E07809-EFF6-E464-A0E9-3CFA22A17CD6}.Release|Any CPU.ActiveCfg = Release|Any CPU
		{16E07809-EFF6-E464-A0E9-3CFA22A17CD6}.Release|Any CPU.Build.0 = Release|Any CPU
		{B1529642-AD92-3BFE-6827-2EA18A981CDD}.Debug|Any CPU.ActiveCfg = Debug|Any CPU
		{B1529642-AD92-3BFE-6827-2EA18A981CDD}.Debug|Any CPU.Build.0 = Debug|Any CPU
		{B1529642-AD92-3BFE-6827-2EA18A981CDD}.Release|Any CPU.ActiveCfg = Release|Any CPU
		{B1529642-AD92-3BFE-6827-2EA18A981CDD}.Release|Any CPU.Build.0 = Release|Any CPU
		{922D353D-257C-0DC0-0B04-59A68C12F409}.Debug|Any CPU.ActiveCfg = Debug|Any CPU
		{922D353D-257C-0DC0-0B04-59A68C12F409}.Debug|Any CPU.Build.0 = Debug|Any CPU
		{922D353D-257C-0DC0-0B04-59A68C12F409}.Release|Any CPU.ActiveCfg = Release|Any CPU
		{922D353D-257C-0DC0-0B04-59A68C12F409}.Release|Any CPU.Build.0 = Release|Any CPU
		{80D971A7-D1AA-04B5-95B5-E8FA2FAD45D8}.Debug|Any CPU.ActiveCfg = Debug|Any CPU
		{80D971A7-D1AA-04B5-95B5-E8FA2FAD45D8}.Debug|Any CPU.Build.0 = Debug|Any CPU
		{80D971A7-D1AA-04B5-95B5-E8FA2FAD45D8}.Release|Any CPU.ActiveCfg = Release|Any CPU
		{80D971A7-D1AA-04B5-95B5-E8FA2FAD45D8}.Release|Any CPU.Build.0 = Release|Any CPU
		{CB572AD4-4CA5-4E64-DC7E-D4F399F9A7D6}.Debug|Any CPU.ActiveCfg = Debug|Any CPU
		{CB572AD4-4CA5-4E64-DC7E-D4F399F9A7D6}.Debug|Any CPU.Build.0 = Debug|Any CPU
		{CB572AD4-4CA5-4E64-DC7E-D4F399F9A7D6}.Release|Any CPU.ActiveCfg = Release|Any CPU
		{CB572AD4-4CA5-4E64-DC7E-D4F399F9A7D6}.Release|Any CPU.Build.0 = Release|Any CPU
		{16B1F934-EC54-25A6-22F0-E74AA1BC35AD}.Debug|Any CPU.ActiveCfg = Debug|Any CPU
		{16B1F934-EC54-25A6-22F0-E74AA1BC35AD}.Debug|Any CPU.Build.0 = Debug|Any CPU
		{16B1F934-EC54-25A6-22F0-E74AA1BC35AD}.Release|Any CPU.ActiveCfg = Release|Any CPU
		{16B1F934-EC54-25A6-22F0-E74AA1BC35AD}.Release|Any CPU.Build.0 = Release|Any CPU
		{900C3EEA-E8CB-98E9-90EA-9EA4215782E1}.Debug|Any CPU.ActiveCfg = Debug|Any CPU
		{900C3EEA-E8CB-98E9-90EA-9EA4215782E1}.Debug|Any CPU.Build.0 = Debug|Any CPU
		{900C3EEA-E8CB-98E9-90EA-9EA4215782E1}.Release|Any CPU.ActiveCfg = Release|Any CPU
		{900C3EEA-E8CB-98E9-90EA-9EA4215782E1}.Release|Any CPU.Build.0 = Release|Any CPU
		{E0E4F0E0-551C-DA99-4C67-38B18B062D0F}.Debug|Any CPU.ActiveCfg = Debug|Any CPU
		{E0E4F0E0-551C-DA99-4C67-38B18B062D0F}.Debug|Any CPU.Build.0 = Debug|Any CPU
		{E0E4F0E0-551C-DA99-4C67-38B18B062D0F}.Release|Any CPU.ActiveCfg = Release|Any CPU
		{E0E4F0E0-551C-DA99-4C67-38B18B062D0F}.Release|Any CPU.Build.0 = Release|Any CPU
		{2591B270-7CB7-D56F-35AA-344D46177A27}.Debug|Any CPU.ActiveCfg = Debug|Any CPU
		{2591B270-7CB7-D56F-35AA-344D46177A27}.Debug|Any CPU.Build.0 = Debug|Any CPU
		{2591B270-7CB7-D56F-35AA-344D46177A27}.Release|Any CPU.ActiveCfg = Release|Any CPU
		{2591B270-7CB7-D56F-35AA-344D46177A27}.Release|Any CPU.Build.0 = Release|Any CPU
		{A774E6D5-5BF3-ED45-9381-9F8DDA8FA5E0}.Debug|Any CPU.ActiveCfg = Debug|Any CPU
		{A774E6D5-5BF3-ED45-9381-9F8DDA8FA5E0}.Debug|Any CPU.Build.0 = Debug|Any CPU
		{A774E6D5-5BF3-ED45-9381-9F8DDA8FA5E0}.Release|Any CPU.ActiveCfg = Release|Any CPU
		{A774E6D5-5BF3-ED45-9381-9F8DDA8FA5E0}.Release|Any CPU.Build.0 = Release|Any CPU
		{B545A402-C446-B150-317E-7185B8BC5362}.Debug|Any CPU.ActiveCfg = Debug|Any CPU
		{B545A402-C446-B150-317E-7185B8BC5362}.Debug|Any CPU.Build.0 = Debug|Any CPU
		{B545A402-C446-B150-317E-7185B8BC5362}.Release|Any CPU.ActiveCfg = Release|Any CPU
		{B545A402-C446-B150-317E-7185B8BC5362}.Release|Any CPU.Build.0 = Release|Any CPU
		{B4DDB388-3359-C41A-6469-FCC624ACBD9E}.Debug|Any CPU.ActiveCfg = Debug|Any CPU
		{B4DDB388-3359-C41A-6469-FCC624ACBD9E}.Debug|Any CPU.Build.0 = Debug|Any CPU
		{B4DDB388-3359-C41A-6469-FCC624ACBD9E}.Release|Any CPU.ActiveCfg = Release|Any CPU
		{B4DDB388-3359-C41A-6469-FCC624ACBD9E}.Release|Any CPU.Build.0 = Release|Any CPU
		{CD96390D-6122-3933-600F-3EE07565F00F}.Debug|Any CPU.ActiveCfg = Debug|Any CPU
		{CD96390D-6122-3933-600F-3EE07565F00F}.Debug|Any CPU.Build.0 = Debug|Any CPU
		{CD96390D-6122-3933-600F-3EE07565F00F}.Release|Any CPU.ActiveCfg = Release|Any CPU
		{CD96390D-6122-3933-600F-3EE07565F00F}.Release|Any CPU.Build.0 = Release|Any CPU
		{1AE0790C-B098-2C7B-FBA4-4616A176A03E}.Debug|Any CPU.ActiveCfg = Debug|Any CPU
		{1AE0790C-B098-2C7B-FBA4-4616A176A03E}.Debug|Any CPU.Build.0 = Debug|Any CPU
		{1AE0790C-B098-2C7B-FBA4-4616A176A03E}.Release|Any CPU.ActiveCfg = Release|Any CPU
		{1AE0790C-B098-2C7B-FBA4-4616A176A03E}.Release|Any CPU.Build.0 = Release|Any CPU
		{6D875A4C-6CED-461A-1293-F726D4F8D9F4}.Debug|Any CPU.ActiveCfg = Debug|Any CPU
		{6D875A4C-6CED-461A-1293-F726D4F8D9F4}.Debug|Any CPU.Build.0 = Debug|Any CPU
		{6D875A4C-6CED-461A-1293-F726D4F8D9F4}.Release|Any CPU.ActiveCfg = Release|Any CPU
		{6D875A4C-6CED-461A-1293-F726D4F8D9F4}.Release|Any CPU.Build.0 = Release|Any CPU
		{F2069C27-9B3F-C991-D33A-E302BF23EA42}.Debug|Any CPU.ActiveCfg = Debug|Any CPU
		{F2069C27-9B3F-C991-D33A-E302BF23EA42}.Debug|Any CPU.Build.0 = Debug|Any CPU
		{F2069C27-9B3F-C991-D33A-E302BF23EA42}.Release|Any CPU.ActiveCfg = Release|Any CPU
		{F2069C27-9B3F-C991-D33A-E302BF23EA42}.Release|Any CPU.Build.0 = Release|Any CPU
		{C3D2999B-58DC-0367-37B7-D96BA28DFD44}.Debug|Any CPU.ActiveCfg = Debug|Any CPU
		{C3D2999B-58DC-0367-37B7-D96BA28DFD44}.Debug|Any CPU.Build.0 = Debug|Any CPU
		{C3D2999B-58DC-0367-37B7-D96BA28DFD44}.Release|Any CPU.ActiveCfg = Release|Any CPU
		{C3D2999B-58DC-0367-37B7-D96BA28DFD44}.Release|Any CPU.Build.0 = Release|Any CPU
		{2993F837-47AD-84F1-E3A7-6A5AA0FD6BB5}.Debug|Any CPU.ActiveCfg = Debug|Any CPU
		{2993F837-47AD-84F1-E3A7-6A5AA0FD6BB5}.Debug|Any CPU.Build.0 = Debug|Any CPU
		{2993F837-47AD-84F1-E3A7-6A5AA0FD6BB5}.Release|Any CPU.ActiveCfg = Release|Any CPU
		{2993F837-47AD-84F1-E3A7-6A5AA0FD6BB5}.Release|Any CPU.Build.0 = Release|Any CPU
		{12FDDB1E-99FB-0286-09DE-B7BD8ACBEDA7}.Debug|Any CPU.ActiveCfg = Debug|Any CPU
		{12FDDB1E-99FB-0286-09DE-B7BD8ACBEDA7}.Debug|Any CPU.Build.0 = Debug|Any CPU
		{12FDDB1E-99FB-0286-09DE-B7BD8ACBEDA7}.Release|Any CPU.ActiveCfg = Release|Any CPU
		{12FDDB1E-99FB-0286-09DE-B7BD8ACBEDA7}.Release|Any CPU.Build.0 = Release|Any CPU
		{CAFDDFEF-F176-60E0-641F-6AE66227D223}.Debug|Any CPU.ActiveCfg = Debug|Any CPU
		{CAFDDFEF-F176-60E0-641F-6AE66227D223}.Debug|Any CPU.Build.0 = Debug|Any CPU
		{CAFDDFEF-F176-60E0-641F-6AE66227D223}.Release|Any CPU.ActiveCfg = Release|Any CPU
		{CAFDDFEF-F176-60E0-641F-6AE66227D223}.Release|Any CPU.Build.0 = Release|Any CPU
		{52A28456-44B4-3F70-8D29-B28118F358F3}.Debug|Any CPU.ActiveCfg = Debug|Any CPU
		{52A28456-44B4-3F70-8D29-B28118F358F3}.Debug|Any CPU.Build.0 = Debug|Any CPU
		{52A28456-44B4-3F70-8D29-B28118F358F3}.Release|Any CPU.ActiveCfg = Release|Any CPU
		{52A28456-44B4-3F70-8D29-B28118F358F3}.Release|Any CPU.Build.0 = Release|Any CPU
		{84E79933-0CEE-2FE5-5460-3C4363D9F4DA}.Debug|Any CPU.ActiveCfg = Debug|Any CPU
		{84E79933-0CEE-2FE5-5460-3C4363D9F4DA}.Debug|Any CPU.Build.0 = Debug|Any CPU
		{84E79933-0CEE-2FE5-5460-3C4363D9F4DA}.Release|Any CPU.ActiveCfg = Release|Any CPU
		{84E79933-0CEE-2FE5-5460-3C4363D9F4DA}.Release|Any CPU.Build.0 = Release|Any CPU
		{7D282573-7D93-B427-8EB7-19930B4D9CBC}.Debug|Any CPU.ActiveCfg = Debug|Any CPU
		{7D282573-7D93-B427-8EB7-19930B4D9CBC}.Debug|Any CPU.Build.0 = Debug|Any CPU
		{7D282573-7D93-B427-8EB7-19930B4D9CBC}.Release|Any CPU.ActiveCfg = Release|Any CPU
		{7D282573-7D93-B427-8EB7-19930B4D9CBC}.Release|Any CPU.Build.0 = Release|Any CPU
		{667766C9-825C-D831-3845-20781457EF8C}.Debug|Any CPU.ActiveCfg = Debug|Any CPU
		{667766C9-825C-D831-3845-20781457EF8C}.Debug|Any CPU.Build.0 = Debug|Any CPU
		{667766C9-825C-D831-3845-20781457EF8C}.Release|Any CPU.ActiveCfg = Release|Any CPU
		{667766C9-825C-D831-3845-20781457EF8C}.Release|Any CPU.Build.0 = Release|Any CPU
		{091924BC-4D72-6438-3099-C8302EE24156}.Debug|Any CPU.ActiveCfg = Debug|Any CPU
		{091924BC-4D72-6438-3099-C8302EE24156}.Debug|Any CPU.Build.0 = Debug|Any CPU
		{091924BC-4D72-6438-3099-C8302EE24156}.Release|Any CPU.ActiveCfg = Release|Any CPU
		{091924BC-4D72-6438-3099-C8302EE24156}.Release|Any CPU.Build.0 = Release|Any CPU
		{E17D7321-31BD-6C3B-56A1-491BEC16D216}.Debug|Any CPU.ActiveCfg = Debug|Any CPU
		{E17D7321-31BD-6C3B-56A1-491BEC16D216}.Debug|Any CPU.Build.0 = Debug|Any CPU
		{E17D7321-31BD-6C3B-56A1-491BEC16D216}.Release|Any CPU.ActiveCfg = Release|Any CPU
		{E17D7321-31BD-6C3B-56A1-491BEC16D216}.Release|Any CPU.Build.0 = Release|Any CPU
		{8CE2B870-475F-ACF5-0619-F276A818F879}.Debug|Any CPU.ActiveCfg = Debug|Any CPU
		{8CE2B870-475F-ACF5-0619-F276A818F879}.Debug|Any CPU.Build.0 = Debug|Any CPU
		{8CE2B870-475F-ACF5-0619-F276A818F879}.Release|Any CPU.ActiveCfg = Release|Any CPU
		{8CE2B870-475F-ACF5-0619-F276A818F879}.Release|Any CPU.Build.0 = Release|Any CPU
		{11E1F0FA-7DFE-4315-79CC-E8B66FB0948A}.Debug|Any CPU.ActiveCfg = Debug|Any CPU
		{11E1F0FA-7DFE-4315-79CC-E8B66FB0948A}.Debug|Any CPU.Build.0 = Debug|Any CPU
		{11E1F0FA-7DFE-4315-79CC-E8B66FB0948A}.Release|Any CPU.ActiveCfg = Release|Any CPU
		{11E1F0FA-7DFE-4315-79CC-E8B66FB0948A}.Release|Any CPU.Build.0 = Release|Any CPU
		{7C53AA0B-6741-8D32-E265-219380E2C688}.Debug|Any CPU.ActiveCfg = Debug|Any CPU
		{7C53AA0B-6741-8D32-E265-219380E2C688}.Debug|Any CPU.Build.0 = Debug|Any CPU
		{7C53AA0B-6741-8D32-E265-219380E2C688}.Release|Any CPU.ActiveCfg = Release|Any CPU
		{7C53AA0B-6741-8D32-E265-219380E2C688}.Release|Any CPU.Build.0 = Release|Any CPU
		{089D7CEA-31AE-3BDD-A107-F0EBA9451E7D}.Debug|Any CPU.ActiveCfg = Debug|Any CPU
		{089D7CEA-31AE-3BDD-A107-F0EBA9451E7D}.Debug|Any CPU.Build.0 = Debug|Any CPU
		{089D7CEA-31AE-3BDD-A107-F0EBA9451E7D}.Release|Any CPU.ActiveCfg = Release|Any CPU
		{089D7CEA-31AE-3BDD-A107-F0EBA9451E7D}.Release|Any CPU.Build.0 = Release|Any CPU
		{93821164-2DC6-9ADD-4749-F60F213AE8F7}.Debug|Any CPU.ActiveCfg = Debug|Any CPU
		{93821164-2DC6-9ADD-4749-F60F213AE8F7}.Debug|Any CPU.Build.0 = Debug|Any CPU
		{93821164-2DC6-9ADD-4749-F60F213AE8F7}.Release|Any CPU.ActiveCfg = Release|Any CPU
		{93821164-2DC6-9ADD-4749-F60F213AE8F7}.Release|Any CPU.Build.0 = Release|Any CPU
		{D85ED0DB-2C30-CF17-9AA2-2D53FF58F371}.Debug|Any CPU.ActiveCfg = Debug|Any CPU
		{D85ED0DB-2C30-CF17-9AA2-2D53FF58F371}.Debug|Any CPU.Build.0 = Debug|Any CPU
		{D85ED0DB-2C30-CF17-9AA2-2D53FF58F371}.Release|Any CPU.ActiveCfg = Release|Any CPU
		{D85ED0DB-2C30-CF17-9AA2-2D53FF58F371}.Release|Any CPU.Build.0 = Release|Any CPU
		{B7B1652B-9525-066A-B2D5-FFD827CC2675}.Debug|Any CPU.ActiveCfg = Debug|Any CPU
		{B7B1652B-9525-066A-B2D5-FFD827CC2675}.Debug|Any CPU.Build.0 = Debug|Any CPU
		{B7B1652B-9525-066A-B2D5-FFD827CC2675}.Release|Any CPU.ActiveCfg = Release|Any CPU
		{B7B1652B-9525-066A-B2D5-FFD827CC2675}.Release|Any CPU.Build.0 = Release|Any CPU
		{97E24A8E-64D2-ECB5-1BD5-12F9BD38485E}.Debug|Any CPU.ActiveCfg = Debug|Any CPU
		{97E24A8E-64D2-ECB5-1BD5-12F9BD38485E}.Debug|Any CPU.Build.0 = Debug|Any CPU
		{97E24A8E-64D2-ECB5-1BD5-12F9BD38485E}.Release|Any CPU.ActiveCfg = Release|Any CPU
		{97E24A8E-64D2-ECB5-1BD5-12F9BD38485E}.Release|Any CPU.Build.0 = Release|Any CPU
		{AC535153-9BF5-B03F-F624-BD47528EAFA2}.Debug|Any CPU.ActiveCfg = Debug|Any CPU
		{AC535153-9BF5-B03F-F624-BD47528EAFA2}.Debug|Any CPU.Build.0 = Debug|Any CPU
		{AC535153-9BF5-B03F-F624-BD47528EAFA2}.Release|Any CPU.ActiveCfg = Release|Any CPU
		{AC535153-9BF5-B03F-F624-BD47528EAFA2}.Release|Any CPU.Build.0 = Release|Any CPU
		{3FF434C9-BA44-9D07-253E-3E1B008D75BB}.Debug|Any CPU.ActiveCfg = Debug|Any CPU
		{3FF434C9-BA44-9D07-253E-3E1B008D75BB}.Debug|Any CPU.Build.0 = Debug|Any CPU
		{3FF434C9-BA44-9D07-253E-3E1B008D75BB}.Release|Any CPU.ActiveCfg = Release|Any CPU
		{3FF434C9-BA44-9D07-253E-3E1B008D75BB}.Release|Any CPU.Build.0 = Release|Any CPU
		{5E529C12-E665-91C7-F7BF-8856863697C7}.Debug|Any CPU.ActiveCfg = Debug|Any CPU
		{5E529C12-E665-91C7-F7BF-8856863697C7}.Debug|Any CPU.Build.0 = Debug|Any CPU
		{5E529C12-E665-91C7-F7BF-8856863697C7}.Release|Any CPU.ActiveCfg = Release|Any CPU
		{5E529C12-E665-91C7-F7BF-8856863697C7}.Release|Any CPU.Build.0 = Release|Any CPU
		{C1D0F2FE-1C03-02FF-40A7-34D0E764A5C2}.Debug|Any CPU.ActiveCfg = Debug|Any CPU
		{C1D0F2FE-1C03-02FF-40A7-34D0E764A5C2}.Debug|Any CPU.Build.0 = Debug|Any CPU
		{C1D0F2FE-1C03-02FF-40A7-34D0E764A5C2}.Release|Any CPU.ActiveCfg = Release|Any CPU
		{C1D0F2FE-1C03-02FF-40A7-34D0E764A5C2}.Release|Any CPU.Build.0 = Release|Any CPU
		{1D616B11-2D43-7361-9839-64161EFE2EA4}.Debug|Any CPU.ActiveCfg = Debug|Any CPU
		{1D616B11-2D43-7361-9839-64161EFE2EA4}.Debug|Any CPU.Build.0 = Debug|Any CPU
		{1D616B11-2D43-7361-9839-64161EFE2EA4}.Release|Any CPU.ActiveCfg = Release|Any CPU
		{1D616B11-2D43-7361-9839-64161EFE2EA4}.Release|Any CPU.Build.0 = Release|Any CPU
		{AFD97B45-8F47-E13D-C606-C0383E12AE27}.Debug|Any CPU.ActiveCfg = Debug|Any CPU
		{AFD97B45-8F47-E13D-C606-C0383E12AE27}.Debug|Any CPU.Build.0 = Debug|Any CPU
		{AFD97B45-8F47-E13D-C606-C0383E12AE27}.Release|Any CPU.ActiveCfg = Release|Any CPU
		{AFD97B45-8F47-E13D-C606-C0383E12AE27}.Release|Any CPU.Build.0 = Release|Any CPU
		{6FB709F3-0455-70A9-13B9-40212BA8EB66}.Debug|Any CPU.ActiveCfg = Debug|Any CPU
		{6FB709F3-0455-70A9-13B9-40212BA8EB66}.Debug|Any CPU.Build.0 = Debug|Any CPU
		{6FB709F3-0455-70A9-13B9-40212BA8EB66}.Release|Any CPU.ActiveCfg = Release|Any CPU
		{6FB709F3-0455-70A9-13B9-40212BA8EB66}.Release|Any CPU.Build.0 = Release|Any CPU
		{0FFA41AC-F724-7E8D-8844-2AC8E21A841E}.Debug|Any CPU.ActiveCfg = Debug|Any CPU
		{0FFA41AC-F724-7E8D-8844-2AC8E21A841E}.Debug|Any CPU.Build.0 = Debug|Any CPU
		{0FFA41AC-F724-7E8D-8844-2AC8E21A841E}.Release|Any CPU.ActiveCfg = Release|Any CPU
		{0FFA41AC-F724-7E8D-8844-2AC8E21A841E}.Release|Any CPU.Build.0 = Release|Any CPU
		{7FDF294E-B8F4-EE29-EBC5-6F7C594579CB}.Debug|Any CPU.ActiveCfg = Debug|Any CPU
		{7FDF294E-B8F4-EE29-EBC5-6F7C594579CB}.Debug|Any CPU.Build.0 = Debug|Any CPU
		{7FDF294E-B8F4-EE29-EBC5-6F7C594579CB}.Release|Any CPU.ActiveCfg = Release|Any CPU
		{7FDF294E-B8F4-EE29-EBC5-6F7C594579CB}.Release|Any CPU.Build.0 = Release|Any CPU
		{65709B59-567E-D86D-A21F-1AE35947B2D4}.Debug|Any CPU.ActiveCfg = Debug|Any CPU
		{65709B59-567E-D86D-A21F-1AE35947B2D4}.Debug|Any CPU.Build.0 = Debug|Any CPU
		{65709B59-567E-D86D-A21F-1AE35947B2D4}.Release|Any CPU.ActiveCfg = Release|Any CPU
		{65709B59-567E-D86D-A21F-1AE35947B2D4}.Release|Any CPU.Build.0 = Release|Any CPU
		{7C431964-98E2-3BF6-BD18-DDE559CF152E}.Debug|Any CPU.ActiveCfg = Debug|Any CPU
		{7C431964-98E2-3BF6-BD18-DDE559CF152E}.Debug|Any CPU.Build.0 = Debug|Any CPU
		{7C431964-98E2-3BF6-BD18-DDE559CF152E}.Release|Any CPU.ActiveCfg = Release|Any CPU
		{7C431964-98E2-3BF6-BD18-DDE559CF152E}.Release|Any CPU.Build.0 = Release|Any CPU
		{5F7E1A5E-F2BB-FC58-5DFE-81867682A6B1}.Debug|Any CPU.ActiveCfg = Debug|Any CPU
		{5F7E1A5E-F2BB-FC58-5DFE-81867682A6B1}.Debug|Any CPU.Build.0 = Debug|Any CPU
		{5F7E1A5E-F2BB-FC58-5DFE-81867682A6B1}.Release|Any CPU.ActiveCfg = Release|Any CPU
		{5F7E1A5E-F2BB-FC58-5DFE-81867682A6B1}.Release|Any CPU.Build.0 = Release|Any CPU
		{644AE506-D294-67E5-2DCD-40AA24D3E7A1}.Debug|Any CPU.ActiveCfg = Debug|Any CPU
		{644AE506-D294-67E5-2DCD-40AA24D3E7A1}.Debug|Any CPU.Build.0 = Debug|Any CPU
		{644AE506-D294-67E5-2DCD-40AA24D3E7A1}.Release|Any CPU.ActiveCfg = Release|Any CPU
		{644AE506-D294-67E5-2DCD-40AA24D3E7A1}.Release|Any CPU.Build.0 = Release|Any CPU
		{52B7F965-3EE9-921C-54C1-1E0B33AE239F}.Debug|Any CPU.ActiveCfg = Debug|Any CPU
		{52B7F965-3EE9-921C-54C1-1E0B33AE239F}.Debug|Any CPU.Build.0 = Debug|Any CPU
		{52B7F965-3EE9-921C-54C1-1E0B33AE239F}.Release|Any CPU.ActiveCfg = Release|Any CPU
		{52B7F965-3EE9-921C-54C1-1E0B33AE239F}.Release|Any CPU.Build.0 = Release|Any CPU
		{4E665EE9-A435-1CB8-6570-684173D3B4FE}.Debug|Any CPU.ActiveCfg = Debug|Any CPU
		{4E665EE9-A435-1CB8-6570-684173D3B4FE}.Debug|Any CPU.Build.0 = Debug|Any CPU
		{4E665EE9-A435-1CB8-6570-684173D3B4FE}.Release|Any CPU.ActiveCfg = Release|Any CPU
		{4E665EE9-A435-1CB8-6570-684173D3B4FE}.Release|Any CPU.Build.0 = Release|Any CPU
		{ECE975C4-CADB-67C8-4DDE-D8DA512ADA86}.Debug|Any CPU.ActiveCfg = Debug|Any CPU
		{ECE975C4-CADB-67C8-4DDE-D8DA512ADA86}.Debug|Any CPU.Build.0 = Debug|Any CPU
		{ECE975C4-CADB-67C8-4DDE-D8DA512ADA86}.Release|Any CPU.ActiveCfg = Release|Any CPU
		{ECE975C4-CADB-67C8-4DDE-D8DA512ADA86}.Release|Any CPU.Build.0 = Release|Any CPU
		{73D5CE9B-6946-53A8-E37E-1AC9D1F6D551}.Debug|Any CPU.ActiveCfg = Debug|Any CPU
		{73D5CE9B-6946-53A8-E37E-1AC9D1F6D551}.Debug|Any CPU.Build.0 = Debug|Any CPU
		{73D5CE9B-6946-53A8-E37E-1AC9D1F6D551}.Release|Any CPU.ActiveCfg = Release|Any CPU
		{73D5CE9B-6946-53A8-E37E-1AC9D1F6D551}.Release|Any CPU.Build.0 = Release|Any CPU
		{4D592117-6100-4012-940D-9052F9842263}.Debug|Any CPU.ActiveCfg = Debug|Any CPU
		{4D592117-6100-4012-940D-9052F9842263}.Debug|Any CPU.Build.0 = Debug|Any CPU
		{4D592117-6100-4012-940D-9052F9842263}.Release|Any CPU.ActiveCfg = Release|Any CPU
		{4D592117-6100-4012-940D-9052F9842263}.Release|Any CPU.Build.0 = Release|Any CPU
		{3CB7DA6A-28EB-E0A3-CFD4-E5C1D508FC35}.Debug|Any CPU.ActiveCfg = Debug|Any CPU
		{3CB7DA6A-28EB-E0A3-CFD4-E5C1D508FC35}.Debug|Any CPU.Build.0 = Debug|Any CPU
		{3CB7DA6A-28EB-E0A3-CFD4-E5C1D508FC35}.Release|Any CPU.ActiveCfg = Release|Any CPU
		{3CB7DA6A-28EB-E0A3-CFD4-E5C1D508FC35}.Release|Any CPU.Build.0 = Release|Any CPU
		{2009D374-4EE8-4BB1-F97F-0614E2FCF859}.Debug|Any CPU.ActiveCfg = Debug|Any CPU
		{2009D374-4EE8-4BB1-F97F-0614E2FCF859}.Debug|Any CPU.Build.0 = Debug|Any CPU
		{2009D374-4EE8-4BB1-F97F-0614E2FCF859}.Release|Any CPU.ActiveCfg = Release|Any CPU
		{2009D374-4EE8-4BB1-F97F-0614E2FCF859}.Release|Any CPU.Build.0 = Release|Any CPU
		{08C560BA-0CE5-AAEA-03D3-544AABDE33C4}.Debug|Any CPU.ActiveCfg = Debug|Any CPU
		{08C560BA-0CE5-AAEA-03D3-544AABDE33C4}.Debug|Any CPU.Build.0 = Debug|Any CPU
		{08C560BA-0CE5-AAEA-03D3-544AABDE33C4}.Release|Any CPU.ActiveCfg = Release|Any CPU
		{08C560BA-0CE5-AAEA-03D3-544AABDE33C4}.Release|Any CPU.Build.0 = Release|Any CPU
		{55549A90-4FC4-526A-4C34-A3E94647D3A2}.Debug|Any CPU.ActiveCfg = Debug|Any CPU
		{55549A90-4FC4-526A-4C34-A3E94647D3A2}.Debug|Any CPU.Build.0 = Debug|Any CPU
		{55549A90-4FC4-526A-4C34-A3E94647D3A2}.Release|Any CPU.ActiveCfg = Release|Any CPU
		{55549A90-4FC4-526A-4C34-A3E94647D3A2}.Release|Any CPU.Build.0 = Release|Any CPU
		{F199179A-FB2B-0834-93FD-9A8FBF3878E8}.Debug|Any CPU.ActiveCfg = Debug|Any CPU
		{F199179A-FB2B-0834-93FD-9A8FBF3878E8}.Debug|Any CPU.Build.0 = Debug|Any CPU
		{F199179A-FB2B-0834-93FD-9A8FBF3878E8}.Release|Any CPU.ActiveCfg = Release|Any CPU
		{F199179A-FB2B-0834-93FD-9A8FBF3878E8}.Release|Any CPU.Build.0 = Release|Any CPU
		{3875BA08-C15B-79D4-14D6-6ECA9D5F2A78}.Debug|Any CPU.ActiveCfg = Debug|Any CPU
		{3875BA08-C15B-79D4-14D6-6ECA9D5F2A78}.Debug|Any CPU.Build.0 = Debug|Any CPU
		{3875BA08-C15B-79D4-14D6-6ECA9D5F2A78}.Release|Any CPU.ActiveCfg = Release|Any CPU
		{3875BA08-C15B-79D4-14D6-6ECA9D5F2A78}.Release|Any CPU.Build.0 = Release|Any CPU
		{63222D5D-C306-482B-14FD-960177B29D42}.Debug|Any CPU.ActiveCfg = Debug|Any CPU
		{63222D5D-C306-482B-14FD-960177B29D42}.Debug|Any CPU.Build.0 = Debug|Any CPU
		{63222D5D-C306-482B-14FD-960177B29D42}.Release|Any CPU.ActiveCfg = Release|Any CPU
		{63222D5D-C306-482B-14FD-960177B29D42}.Release|Any CPU.Build.0 = Release|Any CPU
		{ACBE2F87-80EC-4793-8044-2C373CBEC549}.Debug|Any CPU.ActiveCfg = Debug|Any CPU
		{ACBE2F87-80EC-4793-8044-2C373CBEC549}.Debug|Any CPU.Build.0 = Debug|Any CPU
		{ACBE2F87-80EC-4793-8044-2C373CBEC549}.Release|Any CPU.ActiveCfg = Release|Any CPU
		{ACBE2F87-80EC-4793-8044-2C373CBEC549}.Release|Any CPU.Build.0 = Release|Any CPU
		{C915A866-44C8-99CA-B2EC-E224FCEF0D85}.Debug|Any CPU.ActiveCfg = Debug|Any CPU
		{C915A866-44C8-99CA-B2EC-E224FCEF0D85}.Debug|Any CPU.Build.0 = Debug|Any CPU
		{C915A866-44C8-99CA-B2EC-E224FCEF0D85}.Release|Any CPU.ActiveCfg = Release|Any CPU
		{C915A866-44C8-99CA-B2EC-E224FCEF0D85}.Release|Any CPU.Build.0 = Release|Any CPU
		{EED7B6B5-275F-8F7E-5636-D711AFE8473B}.Debug|Any CPU.ActiveCfg = Debug|Any CPU
		{EED7B6B5-275F-8F7E-5636-D711AFE8473B}.Debug|Any CPU.Build.0 = Debug|Any CPU
		{EED7B6B5-275F-8F7E-5636-D711AFE8473B}.Release|Any CPU.ActiveCfg = Release|Any CPU
		{EED7B6B5-275F-8F7E-5636-D711AFE8473B}.Release|Any CPU.Build.0 = Release|Any CPU
		{9E16F6E9-56FD-CFCC-6F2C-A63BDAA530EA}.Debug|Any CPU.ActiveCfg = Debug|Any CPU
		{9E16F6E9-56FD-CFCC-6F2C-A63BDAA530EA}.Debug|Any CPU.Build.0 = Debug|Any CPU
		{9E16F6E9-56FD-CFCC-6F2C-A63BDAA530EA}.Release|Any CPU.ActiveCfg = Release|Any CPU
		{9E16F6E9-56FD-CFCC-6F2C-A63BDAA530EA}.Release|Any CPU.Build.0 = Release|Any CPU
		{0EA1ACE1-8A94-28C7-B1C0-2C8906917E1F}.Debug|Any CPU.ActiveCfg = Debug|Any CPU
		{0EA1ACE1-8A94-28C7-B1C0-2C8906917E1F}.Debug|Any CPU.Build.0 = Debug|Any CPU
		{0EA1ACE1-8A94-28C7-B1C0-2C8906917E1F}.Release|Any CPU.ActiveCfg = Release|Any CPU
		{0EA1ACE1-8A94-28C7-B1C0-2C8906917E1F}.Release|Any CPU.Build.0 = Release|Any CPU
		{0785F783-E973-9B77-0251-D4AAAC30E585}.Debug|Any CPU.ActiveCfg = Debug|Any CPU
		{0785F783-E973-9B77-0251-D4AAAC30E585}.Debug|Any CPU.Build.0 = Debug|Any CPU
		{0785F783-E973-9B77-0251-D4AAAC30E585}.Release|Any CPU.ActiveCfg = Release|Any CPU
		{0785F783-E973-9B77-0251-D4AAAC30E585}.Release|Any CPU.Build.0 = Release|Any CPU
		{FA654DE7-1CD1-9CB2-154D-A4D63A794C46}.Debug|Any CPU.ActiveCfg = Debug|Any CPU
		{FA654DE7-1CD1-9CB2-154D-A4D63A794C46}.Debug|Any CPU.Build.0 = Debug|Any CPU
		{FA654DE7-1CD1-9CB2-154D-A4D63A794C46}.Release|Any CPU.ActiveCfg = Release|Any CPU
		{FA654DE7-1CD1-9CB2-154D-A4D63A794C46}.Release|Any CPU.Build.0 = Release|Any CPU
		{6FC543C9-2CAC-1A72-6846-8549F73622D9}.Debug|Any CPU.ActiveCfg = Debug|Any CPU
		{6FC543C9-2CAC-1A72-6846-8549F73622D9}.Debug|Any CPU.Build.0 = Debug|Any CPU
		{6FC543C9-2CAC-1A72-6846-8549F73622D9}.Release|Any CPU.ActiveCfg = Release|Any CPU
		{6FC543C9-2CAC-1A72-6846-8549F73622D9}.Release|Any CPU.Build.0 = Release|Any CPU
		{8EB6BF60-759B-23DF-DEEC-73A2EBC611AC}.Debug|Any CPU.ActiveCfg = Debug|Any CPU
		{8EB6BF60-759B-23DF-DEEC-73A2EBC611AC}.Debug|Any CPU.Build.0 = Debug|Any CPU
		{8EB6BF60-759B-23DF-DEEC-73A2EBC611AC}.Release|Any CPU.ActiveCfg = Release|Any CPU
		{8EB6BF60-759B-23DF-DEEC-73A2EBC611AC}.Release|Any CPU.Build.0 = Release|Any CPU
		{31DE749A-48E6-1245-9F47-0BE9CF4C1CF0}.Debug|Any CPU.ActiveCfg = Debug|Any CPU
		{31DE749A-48E6-1245-9F47-0BE9CF4C1CF0}.Debug|Any CPU.Build.0 = Debug|Any CPU
		{31DE749A-48E6-1245-9F47-0BE9CF4C1CF0}.Release|Any CPU.ActiveCfg = Release|Any CPU
		{31DE749A-48E6-1245-9F47-0BE9CF4C1CF0}.Release|Any CPU.Build.0 = Release|Any CPU
		{055401CC-C5B8-9669-0FB8-D10FA692A076}.Debug|Any CPU.ActiveCfg = Debug|Any CPU
		{055401CC-C5B8-9669-0FB8-D10FA692A076}.Debug|Any CPU.Build.0 = Debug|Any CPU
		{055401CC-C5B8-9669-0FB8-D10FA692A076}.Release|Any CPU.ActiveCfg = Release|Any CPU
		{055401CC-C5B8-9669-0FB8-D10FA692A076}.Release|Any CPU.Build.0 = Release|Any CPU
		{9B9407F3-3DCD-00C8-0FF5-F00A771A7702}.Debug|Any CPU.ActiveCfg = Debug|Any CPU
		{9B9407F3-3DCD-00C8-0FF5-F00A771A7702}.Debug|Any CPU.Build.0 = Debug|Any CPU
		{9B9407F3-3DCD-00C8-0FF5-F00A771A7702}.Release|Any CPU.ActiveCfg = Release|Any CPU
		{9B9407F3-3DCD-00C8-0FF5-F00A771A7702}.Release|Any CPU.Build.0 = Release|Any CPU
		{CDDEFE2C-5A4B-0F21-9ADA-E3FA8C741395}.Debug|Any CPU.ActiveCfg = Debug|Any CPU
		{CDDEFE2C-5A4B-0F21-9ADA-E3FA8C741395}.Debug|Any CPU.Build.0 = Debug|Any CPU
		{CDDEFE2C-5A4B-0F21-9ADA-E3FA8C741395}.Release|Any CPU.ActiveCfg = Release|Any CPU
		{CDDEFE2C-5A4B-0F21-9ADA-E3FA8C741395}.Release|Any CPU.Build.0 = Release|Any CPU
		{20296C9B-B53B-6355-05E6-9A4A827CF6D2}.Debug|Any CPU.ActiveCfg = Debug|Any CPU
		{20296C9B-B53B-6355-05E6-9A4A827CF6D2}.Debug|Any CPU.Build.0 = Debug|Any CPU
		{20296C9B-B53B-6355-05E6-9A4A827CF6D2}.Release|Any CPU.ActiveCfg = Release|Any CPU
		{20296C9B-B53B-6355-05E6-9A4A827CF6D2}.Release|Any CPU.Build.0 = Release|Any CPU
		{4B7E5F7C-9941-AB95-CE51-714621FCED0D}.Debug|Any CPU.ActiveCfg = Debug|Any CPU
		{4B7E5F7C-9941-AB95-CE51-714621FCED0D}.Debug|Any CPU.Build.0 = Debug|Any CPU
		{4B7E5F7C-9941-AB95-CE51-714621FCED0D}.Release|Any CPU.ActiveCfg = Release|Any CPU
		{4B7E5F7C-9941-AB95-CE51-714621FCED0D}.Release|Any CPU.Build.0 = Release|Any CPU
		{0E0A6E59-9939-E3E5-4B8C-EF4F8BE70257}.Debug|Any CPU.ActiveCfg = Debug|Any CPU
		{0E0A6E59-9939-E3E5-4B8C-EF4F8BE70257}.Debug|Any CPU.Build.0 = Debug|Any CPU
		{0E0A6E59-9939-E3E5-4B8C-EF4F8BE70257}.Release|Any CPU.ActiveCfg = Release|Any CPU
		{0E0A6E59-9939-E3E5-4B8C-EF4F8BE70257}.Release|Any CPU.Build.0 = Release|Any CPU
		{7B3E8695-EDBE-A88F-815F-67E50599541B}.Debug|Any CPU.ActiveCfg = Debug|Any CPU
		{7B3E8695-EDBE-A88F-815F-67E50599541B}.Debug|Any CPU.Build.0 = Debug|Any CPU
		{7B3E8695-EDBE-A88F-815F-67E50599541B}.Release|Any CPU.ActiveCfg = Release|Any CPU
		{7B3E8695-EDBE-A88F-815F-67E50599541B}.Release|Any CPU.Build.0 = Release|Any CPU
		{1AF09624-ACCB-A1E6-AED4-16D1CF87CDC9}.Debug|Any CPU.ActiveCfg = Debug|Any CPU
		{1AF09624-ACCB-A1E6-AED4-16D1CF87CDC9}.Debug|Any CPU.Build.0 = Debug|Any CPU
		{1AF09624-ACCB-A1E6-AED4-16D1CF87CDC9}.Release|Any CPU.ActiveCfg = Release|Any CPU
		{1AF09624-ACCB-A1E6-AED4-16D1CF87CDC9}.Release|Any CPU.Build.0 = Release|Any CPU
		{EF37170F-E00F-1AF7-4538-0F53864A9A46}.Debug|Any CPU.ActiveCfg = Debug|Any CPU
		{EF37170F-E00F-1AF7-4538-0F53864A9A46}.Debug|Any CPU.Build.0 = Debug|Any CPU
		{EF37170F-E00F-1AF7-4538-0F53864A9A46}.Release|Any CPU.ActiveCfg = Release|Any CPU
		{EF37170F-E00F-1AF7-4538-0F53864A9A46}.Release|Any CPU.Build.0 = Release|Any CPU
		{C7DE0EAC-8755-552C-F83C-8C052517520D}.Debug|Any CPU.ActiveCfg = Debug|Any CPU
		{C7DE0EAC-8755-552C-F83C-8C052517520D}.Debug|Any CPU.Build.0 = Debug|Any CPU
		{C7DE0EAC-8755-552C-F83C-8C052517520D}.Release|Any CPU.ActiveCfg = Release|Any CPU
		{C7DE0EAC-8755-552C-F83C-8C052517520D}.Release|Any CPU.Build.0 = Release|Any CPU
		{8AD6818F-BE13-462C-BBBE-03E5F8738AE5}.Debug|Any CPU.ActiveCfg = Debug|Any CPU
		{8AD6818F-BE13-462C-BBBE-03E5F8738AE5}.Debug|Any CPU.Build.0 = Debug|Any CPU
		{8AD6818F-BE13-462C-BBBE-03E5F8738AE5}.Release|Any CPU.ActiveCfg = Release|Any CPU
		{8AD6818F-BE13-462C-BBBE-03E5F8738AE5}.Release|Any CPU.Build.0 = Release|Any CPU
		{07FD885A-7826-AF84-09D8-34A31C5F7B35}.Debug|Any CPU.ActiveCfg = Debug|Any CPU
		{07FD885A-7826-AF84-09D8-34A31C5F7B35}.Debug|Any CPU.Build.0 = Debug|Any CPU
		{07FD885A-7826-AF84-09D8-34A31C5F7B35}.Release|Any CPU.ActiveCfg = Release|Any CPU
		{07FD885A-7826-AF84-09D8-34A31C5F7B35}.Release|Any CPU.Build.0 = Release|Any CPU
		{73C19183-EAC7-B8D8-3BEC-FC59A490DA9B}.Debug|Any CPU.ActiveCfg = Debug|Any CPU
		{73C19183-EAC7-B8D8-3BEC-FC59A490DA9B}.Debug|Any CPU.Build.0 = Debug|Any CPU
		{73C19183-EAC7-B8D8-3BEC-FC59A490DA9B}.Release|Any CPU.ActiveCfg = Release|Any CPU
		{73C19183-EAC7-B8D8-3BEC-FC59A490DA9B}.Release|Any CPU.Build.0 = Release|Any CPU
		{C46A1FF1-A043-8E80-1676-39C0E6C41EAF}.Debug|Any CPU.ActiveCfg = Debug|Any CPU
		{C46A1FF1-A043-8E80-1676-39C0E6C41EAF}.Debug|Any CPU.Build.0 = Debug|Any CPU
		{C46A1FF1-A043-8E80-1676-39C0E6C41EAF}.Release|Any CPU.ActiveCfg = Release|Any CPU
		{C46A1FF1-A043-8E80-1676-39C0E6C41EAF}.Release|Any CPU.Build.0 = Release|Any CPU
		{D01941D8-0471-74C1-22C7-33D134381C47}.Debug|Any CPU.ActiveCfg = Debug|Any CPU
		{D01941D8-0471-74C1-22C7-33D134381C47}.Debug|Any CPU.Build.0 = Debug|Any CPU
		{D01941D8-0471-74C1-22C7-33D134381C47}.Release|Any CPU.ActiveCfg = Release|Any CPU
		{D01941D8-0471-74C1-22C7-33D134381C47}.Release|Any CPU.Build.0 = Release|Any CPU
		{DCA6243F-0740-7437-C895-B7584A4D7FFF}.Debug|Any CPU.ActiveCfg = Debug|Any CPU
		{DCA6243F-0740-7437-C895-B7584A4D7FFF}.Debug|Any CPU.Build.0 = Debug|Any CPU
		{DCA6243F-0740-7437-C895-B7584A4D7FFF}.Release|Any CPU.ActiveCfg = Release|Any CPU
		{DCA6243F-0740-7437-C895-B7584A4D7FFF}.Release|Any CPU.Build.0 = Release|Any CPU
		{E5DE5F28-494B-BF72-3174-92EDDCA311FD}.Debug|Any CPU.ActiveCfg = Debug|Any CPU
		{E5DE5F28-494B-BF72-3174-92EDDCA311FD}.Debug|Any CPU.Build.0 = Debug|Any CPU
		{E5DE5F28-494B-BF72-3174-92EDDCA311FD}.Release|Any CPU.ActiveCfg = Release|Any CPU
		{E5DE5F28-494B-BF72-3174-92EDDCA311FD}.Release|Any CPU.Build.0 = Release|Any CPU
		{2E66F862-E205-7AE6-EEAD-E800B0FADD80}.Debug|Any CPU.ActiveCfg = Debug|Any CPU
		{2E66F862-E205-7AE6-EEAD-E800B0FADD80}.Debug|Any CPU.Build.0 = Debug|Any CPU
		{2E66F862-E205-7AE6-EEAD-E800B0FADD80}.Release|Any CPU.ActiveCfg = Release|Any CPU
		{2E66F862-E205-7AE6-EEAD-E800B0FADD80}.Release|Any CPU.Build.0 = Release|Any CPU
		{FE40A616-D7CC-B1AA-E587-9C66CCD16B72}.Debug|Any CPU.ActiveCfg = Debug|Any CPU
		{FE40A616-D7CC-B1AA-E587-9C66CCD16B72}.Debug|Any CPU.Build.0 = Debug|Any CPU
		{FE40A616-D7CC-B1AA-E587-9C66CCD16B72}.Release|Any CPU.ActiveCfg = Release|Any CPU
		{FE40A616-D7CC-B1AA-E587-9C66CCD16B72}.Release|Any CPU.Build.0 = Release|Any CPU
		{5DE19ACE-05FB-6622-0024-DE271DCD3D1B}.Debug|Any CPU.ActiveCfg = Debug|Any CPU
		{5DE19ACE-05FB-6622-0024-DE271DCD3D1B}.Debug|Any CPU.Build.0 = Debug|Any CPU
		{5DE19ACE-05FB-6622-0024-DE271DCD3D1B}.Release|Any CPU.ActiveCfg = Release|Any CPU
		{5DE19ACE-05FB-6622-0024-DE271DCD3D1B}.Release|Any CPU.Build.0 = Release|Any CPU
		{CE55A57F-25FD-5DF2-F0CF-E7D98CF20865}.Debug|Any CPU.ActiveCfg = Debug|Any CPU
		{CE55A57F-25FD-5DF2-F0CF-E7D98CF20865}.Debug|Any CPU.Build.0 = Debug|Any CPU
		{CE55A57F-25FD-5DF2-F0CF-E7D98CF20865}.Release|Any CPU.ActiveCfg = Release|Any CPU
		{CE55A57F-25FD-5DF2-F0CF-E7D98CF20865}.Release|Any CPU.Build.0 = Release|Any CPU
		{49C665E0-3B51-609B-A626-9BB855A037A7}.Debug|Any CPU.ActiveCfg = Debug|Any CPU
		{49C665E0-3B51-609B-A626-9BB855A037A7}.Debug|Any CPU.Build.0 = Debug|Any CPU
		{49C665E0-3B51-609B-A626-9BB855A037A7}.Release|Any CPU.ActiveCfg = Release|Any CPU
		{49C665E0-3B51-609B-A626-9BB855A037A7}.Release|Any CPU.Build.0 = Release|Any CPU
		{75356D7D-0E71-DC22-6667-5643E56A6EE7}.Debug|Any CPU.ActiveCfg = Debug|Any CPU
		{75356D7D-0E71-DC22-6667-5643E56A6EE7}.Debug|Any CPU.Build.0 = Debug|Any CPU
		{75356D7D-0E71-DC22-6667-5643E56A6EE7}.Release|Any CPU.ActiveCfg = Release|Any CPU
		{75356D7D-0E71-DC22-6667-5643E56A6EE7}.Release|Any CPU.Build.0 = Release|Any CPU
		{1E30B849-9CD4-DA58-9165-FBFBCF317283}.Debug|Any CPU.ActiveCfg = Debug|Any CPU
		{1E30B849-9CD4-DA58-9165-FBFBCF317283}.Debug|Any CPU.Build.0 = Debug|Any CPU
		{1E30B849-9CD4-DA58-9165-FBFBCF317283}.Release|Any CPU.ActiveCfg = Release|Any CPU
		{1E30B849-9CD4-DA58-9165-FBFBCF317283}.Release|Any CPU.Build.0 = Release|Any CPU
		{8E51E6FE-2B99-F676-86D4-923397735547}.Debug|Any CPU.ActiveCfg = Debug|Any CPU
		{8E51E6FE-2B99-F676-86D4-923397735547}.Debug|Any CPU.Build.0 = Debug|Any CPU
		{8E51E6FE-2B99-F676-86D4-923397735547}.Release|Any CPU.ActiveCfg = Release|Any CPU
		{8E51E6FE-2B99-F676-86D4-923397735547}.Release|Any CPU.Build.0 = Release|Any CPU
		{5E384B66-2C6F-42F4-2C69-4562653F0959}.Debug|Any CPU.ActiveCfg = Debug|Any CPU
		{5E384B66-2C6F-42F4-2C69-4562653F0959}.Debug|Any CPU.Build.0 = Debug|Any CPU
		{5E384B66-2C6F-42F4-2C69-4562653F0959}.Release|Any CPU.ActiveCfg = Release|Any CPU
		{5E384B66-2C6F-42F4-2C69-4562653F0959}.Release|Any CPU.Build.0 = Release|Any CPU
		{0472634B-654C-B3B3-6872-E3CFD42F6212}.Debug|Any CPU.ActiveCfg = Debug|Any CPU
		{0472634B-654C-B3B3-6872-E3CFD42F6212}.Debug|Any CPU.Build.0 = Debug|Any CPU
		{0472634B-654C-B3B3-6872-E3CFD42F6212}.Release|Any CPU.ActiveCfg = Release|Any CPU
		{0472634B-654C-B3B3-6872-E3CFD42F6212}.Release|Any CPU.Build.0 = Release|Any CPU
		{AA99A799-1A1F-77BD-3488-E1F088CA1B47}.Debug|Any CPU.ActiveCfg = Debug|Any CPU
		{AA99A799-1A1F-77BD-3488-E1F088CA1B47}.Debug|Any CPU.Build.0 = Debug|Any CPU
		{AA99A799-1A1F-77BD-3488-E1F088CA1B47}.Release|Any CPU.ActiveCfg = Release|Any CPU
		{AA99A799-1A1F-77BD-3488-E1F088CA1B47}.Release|Any CPU.Build.0 = Release|Any CPU
		{C7ABFA72-3285-9A7D-F33C-5EA5E59702D7}.Debug|Any CPU.ActiveCfg = Debug|Any CPU
		{C7ABFA72-3285-9A7D-F33C-5EA5E59702D7}.Debug|Any CPU.Build.0 = Debug|Any CPU
		{C7ABFA72-3285-9A7D-F33C-5EA5E59702D7}.Release|Any CPU.ActiveCfg = Release|Any CPU
		{C7ABFA72-3285-9A7D-F33C-5EA5E59702D7}.Release|Any CPU.Build.0 = Release|Any CPU
		{B99B5557-1A50-D06A-238A-47FCFA10400C}.Debug|Any CPU.ActiveCfg = Debug|Any CPU
		{B99B5557-1A50-D06A-238A-47FCFA10400C}.Debug|Any CPU.Build.0 = Debug|Any CPU
		{B99B5557-1A50-D06A-238A-47FCFA10400C}.Release|Any CPU.ActiveCfg = Release|Any CPU
		{B99B5557-1A50-D06A-238A-47FCFA10400C}.Release|Any CPU.Build.0 = Release|Any CPU
		{E8A21027-FE46-29CD-995C-DD1D64668A33}.Debug|Any CPU.ActiveCfg = Debug|Any CPU
		{E8A21027-FE46-29CD-995C-DD1D64668A33}.Debug|Any CPU.Build.0 = Debug|Any CPU
		{E8A21027-FE46-29CD-995C-DD1D64668A33}.Release|Any CPU.ActiveCfg = Release|Any CPU
		{E8A21027-FE46-29CD-995C-DD1D64668A33}.Release|Any CPU.Build.0 = Release|Any CPU
		{AFD63CC1-5CE0-1FE4-C8E6-55E2FE836F88}.Debug|Any CPU.ActiveCfg = Debug|Any CPU
		{AFD63CC1-5CE0-1FE4-C8E6-55E2FE836F88}.Debug|Any CPU.Build.0 = Debug|Any CPU
		{AFD63CC1-5CE0-1FE4-C8E6-55E2FE836F88}.Release|Any CPU.ActiveCfg = Release|Any CPU
		{AFD63CC1-5CE0-1FE4-C8E6-55E2FE836F88}.Release|Any CPU.Build.0 = Release|Any CPU
		{F3D7338B-33E5-3836-6EE1-E5F267A44DE0}.Debug|Any CPU.ActiveCfg = Debug|Any CPU
		{F3D7338B-33E5-3836-6EE1-E5F267A44DE0}.Debug|Any CPU.Build.0 = Debug|Any CPU
		{F3D7338B-33E5-3836-6EE1-E5F267A44DE0}.Release|Any CPU.ActiveCfg = Release|Any CPU
		{F3D7338B-33E5-3836-6EE1-E5F267A44DE0}.Release|Any CPU.Build.0 = Release|Any CPU
		{68CAAE50-30B9-9BEA-F06A-E25B8CA88096}.Debug|Any CPU.ActiveCfg = Debug|Any CPU
		{68CAAE50-30B9-9BEA-F06A-E25B8CA88096}.Debug|Any CPU.Build.0 = Debug|Any CPU
		{68CAAE50-30B9-9BEA-F06A-E25B8CA88096}.Release|Any CPU.ActiveCfg = Release|Any CPU
		{68CAAE50-30B9-9BEA-F06A-E25B8CA88096}.Release|Any CPU.Build.0 = Release|Any CPU
		{1F6F93C7-7A8B-022F-06B5-341CA1FAEAB2}.Debug|Any CPU.ActiveCfg = Debug|Any CPU
		{1F6F93C7-7A8B-022F-06B5-341CA1FAEAB2}.Debug|Any CPU.Build.0 = Debug|Any CPU
		{1F6F93C7-7A8B-022F-06B5-341CA1FAEAB2}.Release|Any CPU.ActiveCfg = Release|Any CPU
		{1F6F93C7-7A8B-022F-06B5-341CA1FAEAB2}.Release|Any CPU.Build.0 = Release|Any CPU
		{8304761D-2A88-83E6-9881-D03237CB7269}.Debug|Any CPU.ActiveCfg = Debug|Any CPU
		{8304761D-2A88-83E6-9881-D03237CB7269}.Debug|Any CPU.Build.0 = Debug|Any CPU
		{8304761D-2A88-83E6-9881-D03237CB7269}.Release|Any CPU.ActiveCfg = Release|Any CPU
		{8304761D-2A88-83E6-9881-D03237CB7269}.Release|Any CPU.Build.0 = Release|Any CPU
		{9FA6DEFE-B05B-7CDE-C168-633F25058380}.Debug|Any CPU.ActiveCfg = Debug|Any CPU
		{9FA6DEFE-B05B-7CDE-C168-633F25058380}.Debug|Any CPU.Build.0 = Debug|Any CPU
		{9FA6DEFE-B05B-7CDE-C168-633F25058380}.Release|Any CPU.ActiveCfg = Release|Any CPU
		{9FA6DEFE-B05B-7CDE-C168-633F25058380}.Release|Any CPU.Build.0 = Release|Any CPU
		{66B4032A-AF19-9232-0FDA-ED5758CC40A1}.Debug|Any CPU.ActiveCfg = Debug|Any CPU
		{66B4032A-AF19-9232-0FDA-ED5758CC40A1}.Debug|Any CPU.Build.0 = Debug|Any CPU
		{66B4032A-AF19-9232-0FDA-ED5758CC40A1}.Release|Any CPU.ActiveCfg = Release|Any CPU
		{66B4032A-AF19-9232-0FDA-ED5758CC40A1}.Release|Any CPU.Build.0 = Release|Any CPU
		{6301F489-1126-555B-D323-266DBAFCAA7F}.Debug|Any CPU.ActiveCfg = Debug|Any CPU
		{6301F489-1126-555B-D323-266DBAFCAA7F}.Debug|Any CPU.Build.0 = Debug|Any CPU
		{6301F489-1126-555B-D323-266DBAFCAA7F}.Release|Any CPU.ActiveCfg = Release|Any CPU
		{6301F489-1126-555B-D323-266DBAFCAA7F}.Release|Any CPU.Build.0 = Release|Any CPU
		{4D5E0AA7-5E9F-9B15-6929-E995198E388D}.Debug|Any CPU.ActiveCfg = Debug|Any CPU
		{4D5E0AA7-5E9F-9B15-6929-E995198E388D}.Debug|Any CPU.Build.0 = Debug|Any CPU
		{4D5E0AA7-5E9F-9B15-6929-E995198E388D}.Release|Any CPU.ActiveCfg = Release|Any CPU
		{4D5E0AA7-5E9F-9B15-6929-E995198E388D}.Release|Any CPU.Build.0 = Release|Any CPU
		{A4A70F5C-CB7B-92B7-6989-AAB42D02E669}.Debug|Any CPU.ActiveCfg = Debug|Any CPU
		{A4A70F5C-CB7B-92B7-6989-AAB42D02E669}.Debug|Any CPU.Build.0 = Debug|Any CPU
		{A4A70F5C-CB7B-92B7-6989-AAB42D02E669}.Release|Any CPU.ActiveCfg = Release|Any CPU
		{A4A70F5C-CB7B-92B7-6989-AAB42D02E669}.Release|Any CPU.Build.0 = Release|Any CPU
		{B1BDE212-2C54-05CD-4F1E-937D08E6431C}.Debug|Any CPU.ActiveCfg = Debug|Any CPU
		{B1BDE212-2C54-05CD-4F1E-937D08E6431C}.Debug|Any CPU.Build.0 = Debug|Any CPU
		{B1BDE212-2C54-05CD-4F1E-937D08E6431C}.Release|Any CPU.ActiveCfg = Release|Any CPU
		{B1BDE212-2C54-05CD-4F1E-937D08E6431C}.Release|Any CPU.Build.0 = Release|Any CPU
		{121CD969-BA02-C1E7-D415-2407D529C12B}.Debug|Any CPU.ActiveCfg = Debug|Any CPU
		{121CD969-BA02-C1E7-D415-2407D529C12B}.Debug|Any CPU.Build.0 = Debug|Any CPU
		{121CD969-BA02-C1E7-D415-2407D529C12B}.Release|Any CPU.ActiveCfg = Release|Any CPU
		{121CD969-BA02-C1E7-D415-2407D529C12B}.Release|Any CPU.Build.0 = Release|Any CPU
		{3F8EF6EA-04BF-D806-4070-F1BCB91F54FC}.Debug|Any CPU.ActiveCfg = Debug|Any CPU
		{3F8EF6EA-04BF-D806-4070-F1BCB91F54FC}.Debug|Any CPU.Build.0 = Debug|Any CPU
		{3F8EF6EA-04BF-D806-4070-F1BCB91F54FC}.Release|Any CPU.ActiveCfg = Release|Any CPU
		{3F8EF6EA-04BF-D806-4070-F1BCB91F54FC}.Release|Any CPU.Build.0 = Release|Any CPU
		{AFCC799C-0675-DE2F-59BF-AF20DE2163E4}.Debug|Any CPU.ActiveCfg = Debug|Any CPU
		{AFCC799C-0675-DE2F-59BF-AF20DE2163E4}.Debug|Any CPU.Build.0 = Debug|Any CPU
		{AFCC799C-0675-DE2F-59BF-AF20DE2163E4}.Release|Any CPU.ActiveCfg = Release|Any CPU
		{AFCC799C-0675-DE2F-59BF-AF20DE2163E4}.Release|Any CPU.Build.0 = Release|Any CPU
		{2A7298C0-14AD-12B4-22A9-549B4F199259}.Debug|Any CPU.ActiveCfg = Debug|Any CPU
		{2A7298C0-14AD-12B4-22A9-549B4F199259}.Debug|Any CPU.Build.0 = Debug|Any CPU
		{2A7298C0-14AD-12B4-22A9-549B4F199259}.Release|Any CPU.ActiveCfg = Release|Any CPU
		{2A7298C0-14AD-12B4-22A9-549B4F199259}.Release|Any CPU.Build.0 = Release|Any CPU
		{05DBB0F1-A1C5-CD9E-5FED-C6B2A0917FF9}.Debug|Any CPU.ActiveCfg = Debug|Any CPU
		{05DBB0F1-A1C5-CD9E-5FED-C6B2A0917FF9}.Debug|Any CPU.Build.0 = Debug|Any CPU
		{05DBB0F1-A1C5-CD9E-5FED-C6B2A0917FF9}.Release|Any CPU.ActiveCfg = Release|Any CPU
		{05DBB0F1-A1C5-CD9E-5FED-C6B2A0917FF9}.Release|Any CPU.Build.0 = Release|Any CPU
		{F7D541A0-E6EF-D5B5-1964-75D1BDD0041E}.Debug|Any CPU.ActiveCfg = Debug|Any CPU
		{F7D541A0-E6EF-D5B5-1964-75D1BDD0041E}.Debug|Any CPU.Build.0 = Debug|Any CPU
		{F7D541A0-E6EF-D5B5-1964-75D1BDD0041E}.Release|Any CPU.ActiveCfg = Release|Any CPU
		{F7D541A0-E6EF-D5B5-1964-75D1BDD0041E}.Release|Any CPU.Build.0 = Release|Any CPU
		{6BEBE3AB-DC10-893D-F16E-43BFBD0AFF6B}.Debug|Any CPU.ActiveCfg = Debug|Any CPU
		{6BEBE3AB-DC10-893D-F16E-43BFBD0AFF6B}.Debug|Any CPU.Build.0 = Debug|Any CPU
		{6BEBE3AB-DC10-893D-F16E-43BFBD0AFF6B}.Release|Any CPU.ActiveCfg = Release|Any CPU
		{6BEBE3AB-DC10-893D-F16E-43BFBD0AFF6B}.Release|Any CPU.Build.0 = Release|Any CPU
		{E54D5B19-8F7D-537E-B431-DDE52C7BF3EF}.Debug|Any CPU.ActiveCfg = Debug|Any CPU
		{E54D5B19-8F7D-537E-B431-DDE52C7BF3EF}.Debug|Any CPU.Build.0 = Debug|Any CPU
		{E54D5B19-8F7D-537E-B431-DDE52C7BF3EF}.Release|Any CPU.ActiveCfg = Release|Any CPU
		{E54D5B19-8F7D-537E-B431-DDE52C7BF3EF}.Release|Any CPU.Build.0 = Release|Any CPU
		{AA478A08-4B0C-13E5-43DF-F7F930AB192B}.Debug|Any CPU.ActiveCfg = Debug|Any CPU
		{AA478A08-4B0C-13E5-43DF-F7F930AB192B}.Debug|Any CPU.Build.0 = Debug|Any CPU
		{AA478A08-4B0C-13E5-43DF-F7F930AB192B}.Release|Any CPU.ActiveCfg = Release|Any CPU
		{AA478A08-4B0C-13E5-43DF-F7F930AB192B}.Release|Any CPU.Build.0 = Release|Any CPU
		{46D2FD85-9665-BE99-DA36-98694E9A3824}.Debug|Any CPU.ActiveCfg = Debug|Any CPU
		{46D2FD85-9665-BE99-DA36-98694E9A3824}.Debug|Any CPU.Build.0 = Debug|Any CPU
		{46D2FD85-9665-BE99-DA36-98694E9A3824}.Release|Any CPU.ActiveCfg = Release|Any CPU
		{46D2FD85-9665-BE99-DA36-98694E9A3824}.Release|Any CPU.Build.0 = Release|Any CPU
		{E7F4833A-ADE2-EC75-0D07-64037B07896C}.Debug|Any CPU.ActiveCfg = Debug|Any CPU
		{E7F4833A-ADE2-EC75-0D07-64037B07896C}.Debug|Any CPU.Build.0 = Debug|Any CPU
		{E7F4833A-ADE2-EC75-0D07-64037B07896C}.Release|Any CPU.ActiveCfg = Release|Any CPU
		{E7F4833A-ADE2-EC75-0D07-64037B07896C}.Release|Any CPU.Build.0 = Release|Any CPU
		{F535CACB-63B0-A307-8BEB-E4CB48CBA198}.Debug|Any CPU.ActiveCfg = Debug|Any CPU
		{F535CACB-63B0-A307-8BEB-E4CB48CBA198}.Debug|Any CPU.Build.0 = Debug|Any CPU
		{F535CACB-63B0-A307-8BEB-E4CB48CBA198}.Release|Any CPU.ActiveCfg = Release|Any CPU
		{F535CACB-63B0-A307-8BEB-E4CB48CBA198}.Release|Any CPU.Build.0 = Release|Any CPU
		{EE39BC27-19B8-2A72-D2F3-28315D699BBF}.Debug|Any CPU.ActiveCfg = Debug|Any CPU
		{EE39BC27-19B8-2A72-D2F3-28315D699BBF}.Debug|Any CPU.Build.0 = Debug|Any CPU
		{EE39BC27-19B8-2A72-D2F3-28315D699BBF}.Release|Any CPU.ActiveCfg = Release|Any CPU
		{EE39BC27-19B8-2A72-D2F3-28315D699BBF}.Release|Any CPU.Build.0 = Release|Any CPU
		{4EFE7369-A408-90C1-5B71-D94EDF0C40FF}.Debug|Any CPU.ActiveCfg = Debug|Any CPU
		{4EFE7369-A408-90C1-5B71-D94EDF0C40FF}.Debug|Any CPU.Build.0 = Debug|Any CPU
		{4EFE7369-A408-90C1-5B71-D94EDF0C40FF}.Release|Any CPU.ActiveCfg = Release|Any CPU
		{4EFE7369-A408-90C1-5B71-D94EDF0C40FF}.Release|Any CPU.Build.0 = Release|Any CPU
		{51D1E053-49E2-5AF7-7891-1701EB04585A}.Debug|Any CPU.ActiveCfg = Debug|Any CPU
		{51D1E053-49E2-5AF7-7891-1701EB04585A}.Debug|Any CPU.Build.0 = Debug|Any CPU
		{51D1E053-49E2-5AF7-7891-1701EB04585A}.Release|Any CPU.ActiveCfg = Release|Any CPU
		{51D1E053-49E2-5AF7-7891-1701EB04585A}.Release|Any CPU.Build.0 = Release|Any CPU
		{EED9DFCA-F9EA-B9F2-4F0D-219E1E5962A0}.Debug|Any CPU.ActiveCfg = Debug|Any CPU
		{EED9DFCA-F9EA-B9F2-4F0D-219E1E5962A0}.Debug|Any CPU.Build.0 = Debug|Any CPU
		{EED9DFCA-F9EA-B9F2-4F0D-219E1E5962A0}.Release|Any CPU.ActiveCfg = Release|Any CPU
		{EED9DFCA-F9EA-B9F2-4F0D-219E1E5962A0}.Release|Any CPU.Build.0 = Release|Any CPU
		{7A06872E-3B81-69DB-2A4D-E66FDB1A8FC4}.Debug|Any CPU.ActiveCfg = Debug|Any CPU
		{7A06872E-3B81-69DB-2A4D-E66FDB1A8FC4}.Debug|Any CPU.Build.0 = Debug|Any CPU
		{7A06872E-3B81-69DB-2A4D-E66FDB1A8FC4}.Release|Any CPU.ActiveCfg = Release|Any CPU
		{7A06872E-3B81-69DB-2A4D-E66FDB1A8FC4}.Release|Any CPU.Build.0 = Release|Any CPU
		{59613606-1C48-3F44-2B91-2B15BB28B23E}.Debug|Any CPU.ActiveCfg = Debug|Any CPU
		{59613606-1C48-3F44-2B91-2B15BB28B23E}.Debug|Any CPU.Build.0 = Debug|Any CPU
		{59613606-1C48-3F44-2B91-2B15BB28B23E}.Release|Any CPU.ActiveCfg = Release|Any CPU
		{59613606-1C48-3F44-2B91-2B15BB28B23E}.Release|Any CPU.Build.0 = Release|Any CPU
		{2EDDCAC6-948C-EFE3-F4D8-A66EF1A0F7C8}.Debug|Any CPU.ActiveCfg = Debug|Any CPU
		{2EDDCAC6-948C-EFE3-F4D8-A66EF1A0F7C8}.Debug|Any CPU.Build.0 = Debug|Any CPU
		{2EDDCAC6-948C-EFE3-F4D8-A66EF1A0F7C8}.Release|Any CPU.ActiveCfg = Release|Any CPU
		{2EDDCAC6-948C-EFE3-F4D8-A66EF1A0F7C8}.Release|Any CPU.Build.0 = Release|Any CPU
		{E134669F-E6F4-954D-1A92-1A17AD2E8291}.Debug|Any CPU.ActiveCfg = Debug|Any CPU
		{E134669F-E6F4-954D-1A92-1A17AD2E8291}.Debug|Any CPU.Build.0 = Debug|Any CPU
		{E134669F-E6F4-954D-1A92-1A17AD2E8291}.Release|Any CPU.ActiveCfg = Release|Any CPU
		{E134669F-E6F4-954D-1A92-1A17AD2E8291}.Release|Any CPU.Build.0 = Release|Any CPU
		{9818E727-60B7-8827-AB3D-B035E089E788}.Debug|Any CPU.ActiveCfg = Debug|Any CPU
		{9818E727-60B7-8827-AB3D-B035E089E788}.Debug|Any CPU.Build.0 = Debug|Any CPU
		{9818E727-60B7-8827-AB3D-B035E089E788}.Release|Any CPU.ActiveCfg = Release|Any CPU
		{9818E727-60B7-8827-AB3D-B035E089E788}.Release|Any CPU.Build.0 = Release|Any CPU
		{581B56C5-6612-41B9-E1B6-94B519CFDA9C}.Debug|Any CPU.ActiveCfg = Debug|Any CPU
		{581B56C5-6612-41B9-E1B6-94B519CFDA9C}.Debug|Any CPU.Build.0 = Debug|Any CPU
		{581B56C5-6612-41B9-E1B6-94B519CFDA9C}.Release|Any CPU.ActiveCfg = Release|Any CPU
		{581B56C5-6612-41B9-E1B6-94B519CFDA9C}.Release|Any CPU.Build.0 = Release|Any CPU
		{BE4110E0-E275-12E6-590E-A62AD2154FDE}.Debug|Any CPU.ActiveCfg = Debug|Any CPU
		{BE4110E0-E275-12E6-590E-A62AD2154FDE}.Debug|Any CPU.Build.0 = Debug|Any CPU
		{BE4110E0-E275-12E6-590E-A62AD2154FDE}.Release|Any CPU.ActiveCfg = Release|Any CPU
		{BE4110E0-E275-12E6-590E-A62AD2154FDE}.Release|Any CPU.Build.0 = Release|Any CPU
		{D242A1F3-CB01-1AE0-9AD7-F5B3CF24F95E}.Debug|Any CPU.ActiveCfg = Debug|Any CPU
		{D242A1F3-CB01-1AE0-9AD7-F5B3CF24F95E}.Debug|Any CPU.Build.0 = Debug|Any CPU
		{D242A1F3-CB01-1AE0-9AD7-F5B3CF24F95E}.Release|Any CPU.ActiveCfg = Release|Any CPU
		{D242A1F3-CB01-1AE0-9AD7-F5B3CF24F95E}.Release|Any CPU.Build.0 = Release|Any CPU
		{F2C5AE0B-3B6A-529C-395A-CB429102898A}.Debug|Any CPU.ActiveCfg = Debug|Any CPU
		{F2C5AE0B-3B6A-529C-395A-CB429102898A}.Debug|Any CPU.Build.0 = Debug|Any CPU
		{F2C5AE0B-3B6A-529C-395A-CB429102898A}.Release|Any CPU.ActiveCfg = Release|Any CPU
		{F2C5AE0B-3B6A-529C-395A-CB429102898A}.Release|Any CPU.Build.0 = Release|Any CPU
		{1E2AC6A7-105D-44A3-13B8-B4F9593B1B36}.Debug|Any CPU.ActiveCfg = Debug|Any CPU
		{1E2AC6A7-105D-44A3-13B8-B4F9593B1B36}.Debug|Any CPU.Build.0 = Debug|Any CPU
		{1E2AC6A7-105D-44A3-13B8-B4F9593B1B36}.Release|Any CPU.ActiveCfg = Release|Any CPU
		{1E2AC6A7-105D-44A3-13B8-B4F9593B1B36}.Release|Any CPU.Build.0 = Release|Any CPU
		{03D6DB52-C5AE-18C9-22A6-8A547C400196}.Debug|Any CPU.ActiveCfg = Debug|Any CPU
		{03D6DB52-C5AE-18C9-22A6-8A547C400196}.Debug|Any CPU.Build.0 = Debug|Any CPU
		{03D6DB52-C5AE-18C9-22A6-8A547C400196}.Release|Any CPU.ActiveCfg = Release|Any CPU
		{03D6DB52-C5AE-18C9-22A6-8A547C400196}.Release|Any CPU.Build.0 = Release|Any CPU
		{6E65F1B4-ABA3-A7B4-A8B4-4336FBD9F336}.Debug|Any CPU.ActiveCfg = Debug|Any CPU
		{6E65F1B4-ABA3-A7B4-A8B4-4336FBD9F336}.Debug|Any CPU.Build.0 = Debug|Any CPU
		{6E65F1B4-ABA3-A7B4-A8B4-4336FBD9F336}.Release|Any CPU.ActiveCfg = Release|Any CPU
		{6E65F1B4-ABA3-A7B4-A8B4-4336FBD9F336}.Release|Any CPU.Build.0 = Release|Any CPU
		{F47B736B-6FCF-778B-4CA1-99B34DBE7D84}.Debug|Any CPU.ActiveCfg = Debug|Any CPU
		{F47B736B-6FCF-778B-4CA1-99B34DBE7D84}.Debug|Any CPU.Build.0 = Debug|Any CPU
		{F47B736B-6FCF-778B-4CA1-99B34DBE7D84}.Release|Any CPU.ActiveCfg = Release|Any CPU
		{F47B736B-6FCF-778B-4CA1-99B34DBE7D84}.Release|Any CPU.Build.0 = Release|Any CPU
	EndGlobalSection
	GlobalSection(SolutionProperties) = preSolution
		HideSolutionNode = FALSE
	EndGlobalSection
EndGlobal
